PODS:
  - DopamineKit (4.0.0.beta):
    - SQLite.swift
  - SQLite.swift (0.10.1)

DEPENDENCIES:
  - DopamineKit (from `../`)

EXTERNAL SOURCES:
  DopamineKit:
    :path: ../

SPEC CHECKSUMS:
  DopamineKit: 4a1d9179fe83d4d5940da9119a8429bce827a4ec
  SQLite.swift: 6a6e4b034efc317ce4e203b6af2d3024fee2b570

PODFILE CHECKSUM: 74a4960369cb5ff03c592869811aa072b36e2cc2

COCOAPODS: 1.0.1
