// !$*UTF8*$!
{
	archiveVersion = 1;
	classes = {
	};
	objectVersion = 46;
	objects = {

/* Begin PBXBuildFile section */
		05D0882F4ED69B87B81373E9 /* Pods_BoundlessKit_Example.framework in Frameworks */ = {isa = PBXBuildFile; fileRef = BAC56939085237F03AF5C02E /* Pods_BoundlessKit_Example.framework */; };
		607FACD61AFB9204008FA782 /* AppDelegate.swift in Sources */ = {isa = PBXBuildFile; fileRef = 607FACD51AFB9204008FA782 /* AppDelegate.swift */; };
		607FACD81AFB9204008FA782 /* ViewController.swift in Sources */ = {isa = PBXBuildFile; fileRef = 607FACD71AFB9204008FA782 /* ViewController.swift */; };
		607FACDB1AFB9204008FA782 /* Main.storyboard in Resources */ = {isa = PBXBuildFile; fileRef = 607FACD91AFB9204008FA782 /* Main.storyboard */; };
		607FACDD1AFB9204008FA782 /* Images.xcassets in Resources */ = {isa = PBXBuildFile; fileRef = 607FACDC1AFB9204008FA782 /* Images.xcassets */; };
		607FACE01AFB9204008FA782 /* LaunchScreen.xib in Resources */ = {isa = PBXBuildFile; fileRef = 607FACDE1AFB9204008FA782 /* LaunchScreen.xib */; };
		7E3E9430DAB0256EDC10F853 /* Pods_BoundlessKit_Tests.framework in Frameworks */ = {isa = PBXBuildFile; fileRef = 8C5896EE6F40C3937CF30FD8 /* Pods_BoundlessKit_Tests.framework */; };
		842661C3204DE3C5001FEA2F /* BoundlessProperties.plist in Resources */ = {isa = PBXBuildFile; fileRef = 842661C2204DE3C5001FEA2F /* BoundlessProperties.plist */; };
		842661E5204E05B3001FEA2F /* Tests.swift in Sources */ = {isa = PBXBuildFile; fileRef = 607FACEB1AFB9204008FA782 /* Tests.swift */; };
		842661E6204E05BA001FEA2F /* BoundlessTestProperties.plist in Resources */ = {isa = PBXBuildFile; fileRef = 842661C4204DFE50001FEA2F /* BoundlessTestProperties.plist */; };
		847A3CB2205844ED00F16211 /* MockHTTPClient.swift in Sources */ = {isa = PBXBuildFile; fileRef = 84CBF2A42055034000FE49B9 /* MockHTTPClient.swift */; };
		847A3CB3205844F400F16211 /* MockManualClient.swift in Sources */ = {isa = PBXBuildFile; fileRef = 84CBF29C2054D88400FE49B9 /* MockManualClient.swift */; };
		84CBF27B2051D31800FE49B9 /* MockViewController.swift in Sources */ = {isa = PBXBuildFile; fileRef = 84CBF27A2051D31800FE49B9 /* MockViewController.swift */; };
		84CBF2802051E5D400FE49B9 /* TestInstanceSelector.swift in Sources */ = {isa = PBXBuildFile; fileRef = 84CBF27F2051E5D400FE49B9 /* TestInstanceSelector.swift */; };
		84CBF2822051E8AA00FE49B9 /* TestInstanceSelectorNotification.swift in Sources */ = {isa = PBXBuildFile; fileRef = 84CBF2812051E8AA00FE49B9 /* TestInstanceSelectorNotification.swift */; };
		84CBF2842051EA1500FE49B9 /* TestActionReinforcement.swift in Sources */ = {isa = PBXBuildFile; fileRef = 84CBF2832051EA1500FE49B9 /* TestActionReinforcement.swift */; };
		84CBF289205213F500FE49B9 /* NotificationReceiver.swift in Sources */ = {isa = PBXBuildFile; fileRef = 84CBF2872052137300FE49B9 /* NotificationReceiver.swift */; };
		84CBF28D20521DF200FE49B9 /* TestBoundlessKit.swift in Sources */ = {isa = PBXBuildFile; fileRef = 84CBF28C20521DF200FE49B9 /* TestBoundlessKit.swift */; };
		84CBF29120523F9D00FE49B9 /* TestManualIntegration.swift in Sources */ = {isa = PBXBuildFile; fileRef = 84CBF29020523F9D00FE49B9 /* TestManualIntegration.swift */; };
		84CBF2A82055105600FE49B9 /* TestBoundlessAPIObjects.swift in Sources */ = {isa = PBXBuildFile; fileRef = 84CBF2A72055105600FE49B9 /* TestBoundlessAPIObjects.swift */; };
		84CE0FB5205851C900688A99 /* MockBKDatabase.swift in Sources */ = {isa = PBXBuildFile; fileRef = 84CE0FB4205851C900688A99 /* MockBKDatabase.swift */; };
		84CE0FB72058531B00688A99 /* MockBoundlessKit.swift in Sources */ = {isa = PBXBuildFile; fileRef = 84CE0FB62058531B00688A99 /* MockBoundlessKit.swift */; };
/* End PBXBuildFile section */

/* Begin PBXContainerItemProxy section */
		842661E0204E03E8001FEA2F /* PBXContainerItemProxy */ = {
			isa = PBXContainerItemProxy;
			containerPortal = 607FACC81AFB9204008FA782 /* Project object */;
			proxyType = 1;
			remoteGlobalIDString = 607FACCF1AFB9204008FA782;
			remoteInfo = BoundlessKit_Example;
		};
/* End PBXContainerItemProxy section */

/* Begin PBXFileReference section */
		096BCC5F2586521995B07A1A /* README.md */ = {isa = PBXFileReference; includeInIndex = 1; lastKnownFileType = net.daringfireball.markdown; name = README.md; path = ../README.md; sourceTree = "<group>"; };
		21810E333478212A51DBF7C5 /* BoundlessKit.podspec */ = {isa = PBXFileReference; includeInIndex = 1; lastKnownFileType = text; name = BoundlessKit.podspec; path = ../BoundlessKit.podspec; sourceTree = "<group>"; xcLanguageSpecificationIdentifier = xcode.lang.ruby; };
		4341E17F9941E649AA7F2266 /* Pods-BoundlessKit_Example.debug.xcconfig */ = {isa = PBXFileReference; includeInIndex = 1; lastKnownFileType = text.xcconfig; name = "Pods-BoundlessKit_Example.debug.xcconfig"; path = "Pods/Target Support Files/Pods-BoundlessKit_Example/Pods-BoundlessKit_Example.debug.xcconfig"; sourceTree = "<group>"; };
		607FACD01AFB9204008FA782 /* BoundlessKit_Example.app */ = {isa = PBXFileReference; explicitFileType = wrapper.application; includeInIndex = 0; path = BoundlessKit_Example.app; sourceTree = BUILT_PRODUCTS_DIR; };
		607FACD41AFB9204008FA782 /* Info.plist */ = {isa = PBXFileReference; lastKnownFileType = text.plist.xml; path = Info.plist; sourceTree = "<group>"; };
		607FACD51AFB9204008FA782 /* AppDelegate.swift */ = {isa = PBXFileReference; lastKnownFileType = sourcecode.swift; path = AppDelegate.swift; sourceTree = "<group>"; };
		607FACD71AFB9204008FA782 /* ViewController.swift */ = {isa = PBXFileReference; lastKnownFileType = sourcecode.swift; path = ViewController.swift; sourceTree = "<group>"; };
		607FACDA1AFB9204008FA782 /* Base */ = {isa = PBXFileReference; lastKnownFileType = file.storyboard; name = Base; path = Base.lproj/Main.storyboard; sourceTree = "<group>"; };
		607FACDC1AFB9204008FA782 /* Images.xcassets */ = {isa = PBXFileReference; lastKnownFileType = folder.assetcatalog; path = Images.xcassets; sourceTree = "<group>"; };
		607FACDF1AFB9204008FA782 /* Base */ = {isa = PBXFileReference; lastKnownFileType = file.xib; name = Base; path = Base.lproj/LaunchScreen.xib; sourceTree = "<group>"; };
		607FACEA1AFB9204008FA782 /* Info.plist */ = {isa = PBXFileReference; lastKnownFileType = text.plist.xml; path = Info.plist; sourceTree = "<group>"; };
		607FACEB1AFB9204008FA782 /* Tests.swift */ = {isa = PBXFileReference; lastKnownFileType = sourcecode.swift; path = Tests.swift; sourceTree = "<group>"; };
		842661C2204DE3C5001FEA2F /* BoundlessProperties.plist */ = {isa = PBXFileReference; fileEncoding = 4; lastKnownFileType = text.plist.xml; path = BoundlessProperties.plist; sourceTree = "<group>"; };
		842661C4204DFE50001FEA2F /* BoundlessTestProperties.plist */ = {isa = PBXFileReference; fileEncoding = 4; lastKnownFileType = text.plist.xml; path = BoundlessTestProperties.plist; sourceTree = "<group>"; };
		842661DB204E03E8001FEA2F /* BoundlessKit_Tests.xctest */ = {isa = PBXFileReference; explicitFileType = wrapper.cfbundle; includeInIndex = 0; path = BoundlessKit_Tests.xctest; sourceTree = BUILT_PRODUCTS_DIR; };
		84CBF27A2051D31800FE49B9 /* MockViewController.swift */ = {isa = PBXFileReference; fileEncoding = 4; lastKnownFileType = sourcecode.swift; path = MockViewController.swift; sourceTree = "<group>"; };
		84CBF27F2051E5D400FE49B9 /* TestInstanceSelector.swift */ = {isa = PBXFileReference; lastKnownFileType = sourcecode.swift; path = TestInstanceSelector.swift; sourceTree = "<group>"; };
		84CBF2812051E8AA00FE49B9 /* TestInstanceSelectorNotification.swift */ = {isa = PBXFileReference; lastKnownFileType = sourcecode.swift; path = TestInstanceSelectorNotification.swift; sourceTree = "<group>"; };
		84CBF2832051EA1500FE49B9 /* TestActionReinforcement.swift */ = {isa = PBXFileReference; lastKnownFileType = sourcecode.swift; path = TestActionReinforcement.swift; sourceTree = "<group>"; };
		84CBF2872052137300FE49B9 /* NotificationReceiver.swift */ = {isa = PBXFileReference; lastKnownFileType = sourcecode.swift; path = NotificationReceiver.swift; sourceTree = "<group>"; };
		84CBF28C20521DF200FE49B9 /* TestBoundlessKit.swift */ = {isa = PBXFileReference; lastKnownFileType = sourcecode.swift; path = TestBoundlessKit.swift; sourceTree = "<group>"; };
		84CBF29020523F9D00FE49B9 /* TestManualIntegration.swift */ = {isa = PBXFileReference; lastKnownFileType = sourcecode.swift; path = TestManualIntegration.swift; sourceTree = "<group>"; };
		84CBF29C2054D88400FE49B9 /* MockManualClient.swift */ = {isa = PBXFileReference; lastKnownFileType = sourcecode.swift; path = MockManualClient.swift; sourceTree = "<group>"; };
		84CBF2A42055034000FE49B9 /* MockHTTPClient.swift */ = {isa = PBXFileReference; lastKnownFileType = sourcecode.swift; path = MockHTTPClient.swift; sourceTree = "<group>"; };
		84CBF2A72055105600FE49B9 /* TestBoundlessAPIObjects.swift */ = {isa = PBXFileReference; lastKnownFileType = sourcecode.swift; path = TestBoundlessAPIObjects.swift; sourceTree = "<group>"; };
		84CE0FB4205851C900688A99 /* MockBKDatabase.swift */ = {isa = PBXFileReference; lastKnownFileType = sourcecode.swift; path = MockBKDatabase.swift; sourceTree = "<group>"; };
		84CE0FB62058531B00688A99 /* MockBoundlessKit.swift */ = {isa = PBXFileReference; lastKnownFileType = sourcecode.swift; path = MockBoundlessKit.swift; sourceTree = "<group>"; };
		8C5896EE6F40C3937CF30FD8 /* Pods_BoundlessKit_Tests.framework */ = {isa = PBXFileReference; explicitFileType = wrapper.framework; includeInIndex = 0; path = Pods_BoundlessKit_Tests.framework; sourceTree = BUILT_PRODUCTS_DIR; };
		938D580BBCCFD0A22693C187 /* Pods-BoundlessKit_Tests.debug.xcconfig */ = {isa = PBXFileReference; includeInIndex = 1; lastKnownFileType = text.xcconfig; name = "Pods-BoundlessKit_Tests.debug.xcconfig"; path = "Pods/Target Support Files/Pods-BoundlessKit_Tests/Pods-BoundlessKit_Tests.debug.xcconfig"; sourceTree = "<group>"; };
		A6E23EE403314927A4B43AC3 /* LICENSE */ = {isa = PBXFileReference; includeInIndex = 1; lastKnownFileType = text; name = LICENSE; path = ../LICENSE; sourceTree = "<group>"; };
		BAC56939085237F03AF5C02E /* Pods_BoundlessKit_Example.framework */ = {isa = PBXFileReference; explicitFileType = wrapper.framework; includeInIndex = 0; path = Pods_BoundlessKit_Example.framework; sourceTree = BUILT_PRODUCTS_DIR; };
		BDC562A41F51EDFEEBDD96AE /* Pods-BoundlessKit_Example.release.xcconfig */ = {isa = PBXFileReference; includeInIndex = 1; lastKnownFileType = text.xcconfig; name = "Pods-BoundlessKit_Example.release.xcconfig"; path = "Pods/Target Support Files/Pods-BoundlessKit_Example/Pods-BoundlessKit_Example.release.xcconfig"; sourceTree = "<group>"; };
		C7FD915CFC81F1747DC11F5F /* Pods-BoundlessKit_Tests.release.xcconfig */ = {isa = PBXFileReference; includeInIndex = 1; lastKnownFileType = text.xcconfig; name = "Pods-BoundlessKit_Tests.release.xcconfig"; path = "Pods/Target Support Files/Pods-BoundlessKit_Tests/Pods-BoundlessKit_Tests.release.xcconfig"; sourceTree = "<group>"; };
/* End PBXFileReference section */

/* Begin PBXFrameworksBuildPhase section */
		607FACCD1AFB9204008FA782 /* Frameworks */ = {
			isa = PBXFrameworksBuildPhase;
			buildActionMask = 2147483647;
			files = (
				05D0882F4ED69B87B81373E9 /* Pods_BoundlessKit_Example.framework in Frameworks */,
			);
			runOnlyForDeploymentPostprocessing = 0;
		};
		842661D8204E03E8001FEA2F /* Frameworks */ = {
			isa = PBXFrameworksBuildPhase;
			buildActionMask = 2147483647;
			files = (
				7E3E9430DAB0256EDC10F853 /* Pods_BoundlessKit_Tests.framework in Frameworks */,
			);
			runOnlyForDeploymentPostprocessing = 0;
		};
/* End PBXFrameworksBuildPhase section */

/* Begin PBXGroup section */
		1D6B931333D6C7980A82962F /* Frameworks */ = {
			isa = PBXGroup;
			children = (
				BAC56939085237F03AF5C02E /* Pods_BoundlessKit_Example.framework */,
				8C5896EE6F40C3937CF30FD8 /* Pods_BoundlessKit_Tests.framework */,
			);
			name = Frameworks;
			sourceTree = "<group>";
		};
		607FACC71AFB9204008FA782 = {
			isa = PBXGroup;
			children = (
				607FACF51AFB993E008FA782 /* Podspec Metadata */,
				607FACD21AFB9204008FA782 /* Example for BoundlessKit */,
				607FACE81AFB9204008FA782 /* Tests */,
				607FACD11AFB9204008FA782 /* Products */,
				89DA6F2599420695EA4FC574 /* Pods */,
				1D6B931333D6C7980A82962F /* Frameworks */,
			);
			sourceTree = "<group>";
		};
		607FACD11AFB9204008FA782 /* Products */ = {
			isa = PBXGroup;
			children = (
				607FACD01AFB9204008FA782 /* BoundlessKit_Example.app */,
				842661DB204E03E8001FEA2F /* BoundlessKit_Tests.xctest */,
			);
			name = Products;
			sourceTree = "<group>";
		};
		607FACD21AFB9204008FA782 /* Example for BoundlessKit */ = {
			isa = PBXGroup;
			children = (
				607FACD51AFB9204008FA782 /* AppDelegate.swift */,
				607FACD71AFB9204008FA782 /* ViewController.swift */,
				607FACD91AFB9204008FA782 /* Main.storyboard */,
				607FACDC1AFB9204008FA782 /* Images.xcassets */,
				607FACDE1AFB9204008FA782 /* LaunchScreen.xib */,
				842661C2204DE3C5001FEA2F /* BoundlessProperties.plist */,
				607FACD31AFB9204008FA782 /* Supporting Files */,
			);
			name = "Example for BoundlessKit";
			path = BoundlessKit;
			sourceTree = "<group>";
		};
		607FACD31AFB9204008FA782 /* Supporting Files */ = {
			isa = PBXGroup;
			children = (
				607FACD41AFB9204008FA782 /* Info.plist */,
			);
			name = "Supporting Files";
			sourceTree = "<group>";
		};
		607FACE81AFB9204008FA782 /* Tests */ = {
			isa = PBXGroup;
			children = (
				84CBF2A72055105600FE49B9 /* TestBoundlessAPIObjects.swift */,
				84CBF29020523F9D00FE49B9 /* TestManualIntegration.swift */,
				84CBF28C20521DF200FE49B9 /* TestBoundlessKit.swift */,
				84CBF2832051EA1500FE49B9 /* TestActionReinforcement.swift */,
				84CBF2812051E8AA00FE49B9 /* TestInstanceSelectorNotification.swift */,
				84CBF27F2051E5D400FE49B9 /* TestInstanceSelector.swift */,
				842661C4204DFE50001FEA2F /* BoundlessTestProperties.plist */,
				607FACEB1AFB9204008FA782 /* Tests.swift */,
				84CBF2792051D31800FE49B9 /* Mocks */,
				607FACE91AFB9204008FA782 /* Supporting Files */,
			);
			path = Tests;
			sourceTree = "<group>";
		};
		607FACE91AFB9204008FA782 /* Supporting Files */ = {
			isa = PBXGroup;
			children = (
				607FACEA1AFB9204008FA782 /* Info.plist */,
			);
			name = "Supporting Files";
			sourceTree = "<group>";
		};
		607FACF51AFB993E008FA782 /* Podspec Metadata */ = {
			isa = PBXGroup;
			children = (
				21810E333478212A51DBF7C5 /* BoundlessKit.podspec */,
				096BCC5F2586521995B07A1A /* README.md */,
				A6E23EE403314927A4B43AC3 /* LICENSE */,
			);
			name = "Podspec Metadata";
			sourceTree = "<group>";
		};
		84CBF2792051D31800FE49B9 /* Mocks */ = {
			isa = PBXGroup;
			children = (
				84CBF27A2051D31800FE49B9 /* MockViewController.swift */,
				84CBF29C2054D88400FE49B9 /* MockManualClient.swift */,
				84CBF2A42055034000FE49B9 /* MockHTTPClient.swift */,
				84CBF2872052137300FE49B9 /* NotificationReceiver.swift */,
				84CE0FB4205851C900688A99 /* MockBKDatabase.swift */,
				84CE0FB62058531B00688A99 /* MockBoundlessKit.swift */,
			);
			path = Mocks;
			sourceTree = "<group>";
		};
		89DA6F2599420695EA4FC574 /* Pods */ = {
			isa = PBXGroup;
			children = (
				4341E17F9941E649AA7F2266 /* Pods-BoundlessKit_Example.debug.xcconfig */,
				BDC562A41F51EDFEEBDD96AE /* Pods-BoundlessKit_Example.release.xcconfig */,
				938D580BBCCFD0A22693C187 /* Pods-BoundlessKit_Tests.debug.xcconfig */,
				C7FD915CFC81F1747DC11F5F /* Pods-BoundlessKit_Tests.release.xcconfig */,
			);
			name = Pods;
			sourceTree = "<group>";
		};
/* End PBXGroup section */

/* Begin PBXNativeTarget section */
		607FACCF1AFB9204008FA782 /* BoundlessKit_Example */ = {
			isa = PBXNativeTarget;
			buildConfigurationList = 607FACEF1AFB9204008FA782 /* Build configuration list for PBXNativeTarget "BoundlessKit_Example" */;
			buildPhases = (
				DA721D1537EDC4A1D53615E8 /* [CP] Check Pods Manifest.lock */,
				607FACCC1AFB9204008FA782 /* Sources */,
				607FACCD1AFB9204008FA782 /* Frameworks */,
				607FACCE1AFB9204008FA782 /* Resources */,
				19BF13AE4278A70158A55AEE /* [CP] Embed Pods Frameworks */,
				CF35537666CFFF842D620964 /* [CP] Copy Pods Resources */,
			);
			buildRules = (
			);
			dependencies = (
			);
			name = BoundlessKit_Example;
			productName = BoundlessKit;
			productReference = 607FACD01AFB9204008FA782 /* BoundlessKit_Example.app */;
			productType = "com.apple.product-type.application";
		};
		842661DA204E03E8001FEA2F /* BoundlessKit_Tests */ = {
			isa = PBXNativeTarget;
			buildConfigurationList = 842661E2204E03E8001FEA2F /* Build configuration list for PBXNativeTarget "BoundlessKit_Tests" */;
			buildPhases = (
				30A7DB781DB849E97B50A39F /* [CP] Check Pods Manifest.lock */,
				842661D7204E03E8001FEA2F /* Sources */,
				842661D8204E03E8001FEA2F /* Frameworks */,
				842661D9204E03E8001FEA2F /* Resources */,
				B602979431AAAFF3B749CA46 /* [CP] Embed Pods Frameworks */,
				C4769961D5D434D81D9C172B /* [CP] Copy Pods Resources */,
			);
			buildRules = (
			);
			dependencies = (
				842661E1204E03E8001FEA2F /* PBXTargetDependency */,
			);
			name = BoundlessKit_Tests;
			productName = BoundlessKit_Tests;
			productReference = 842661DB204E03E8001FEA2F /* BoundlessKit_Tests.xctest */;
			productType = "com.apple.product-type.bundle.unit-test";
		};
/* End PBXNativeTarget section */

/* Begin PBXProject section */
		607FACC81AFB9204008FA782 /* Project object */ = {
			isa = PBXProject;
			attributes = {
				LastSwiftUpdateCheck = 0920;
				LastUpgradeCheck = 0830;
				ORGANIZATIONNAME = CocoaPods;
				TargetAttributes = {
					607FACCF1AFB9204008FA782 = {
						CreatedOnToolsVersion = 6.3.1;
						DevelopmentTeam = A4K9NYBV99;
						LastSwiftMigration = 0900;
					};
					842661DA204E03E8001FEA2F = {
						CreatedOnToolsVersion = 9.2;
						ProvisioningStyle = Automatic;
						TestTargetID = 607FACCF1AFB9204008FA782;
					};
				};
			};
			buildConfigurationList = 607FACCB1AFB9204008FA782 /* Build configuration list for PBXProject "BoundlessKit" */;
			compatibilityVersion = "Xcode 3.2";
			developmentRegion = English;
			hasScannedForEncodings = 0;
			knownRegions = (
				en,
				Base,
			);
			mainGroup = 607FACC71AFB9204008FA782;
			productRefGroup = 607FACD11AFB9204008FA782 /* Products */;
			projectDirPath = "";
			projectRoot = "";
			targets = (
				607FACCF1AFB9204008FA782 /* BoundlessKit_Example */,
				842661DA204E03E8001FEA2F /* BoundlessKit_Tests */,
			);
		};
/* End PBXProject section */

/* Begin PBXResourcesBuildPhase section */
		607FACCE1AFB9204008FA782 /* Resources */ = {
			isa = PBXResourcesBuildPhase;
			buildActionMask = 2147483647;
			files = (
				607FACDB1AFB9204008FA782 /* Main.storyboard in Resources */,
				607FACE01AFB9204008FA782 /* LaunchScreen.xib in Resources */,
				607FACDD1AFB9204008FA782 /* Images.xcassets in Resources */,
				842661C3204DE3C5001FEA2F /* BoundlessProperties.plist in Resources */,
			);
			runOnlyForDeploymentPostprocessing = 0;
		};
		842661D9204E03E8001FEA2F /* Resources */ = {
			isa = PBXResourcesBuildPhase;
			buildActionMask = 2147483647;
			files = (
				842661E6204E05BA001FEA2F /* BoundlessTestProperties.plist in Resources */,
			);
			runOnlyForDeploymentPostprocessing = 0;
		};
/* End PBXResourcesBuildPhase section */

/* Begin PBXShellScriptBuildPhase section */
		19BF13AE4278A70158A55AEE /* [CP] Embed Pods Frameworks */ = {
			isa = PBXShellScriptBuildPhase;
			buildActionMask = 2147483647;
			files = (
			);
			inputPaths = (
				"${SRCROOT}/Pods/Target Support Files/Pods-BoundlessKit_Example/Pods-BoundlessKit_Example-frameworks.sh",
				"${BUILT_PRODUCTS_DIR}/BoundlessKit/BoundlessKit.framework",
			);
			name = "[CP] Embed Pods Frameworks";
			outputPaths = (
				"${TARGET_BUILD_DIR}/${FRAMEWORKS_FOLDER_PATH}/BoundlessKit.framework",
			);
			runOnlyForDeploymentPostprocessing = 0;
			shellPath = /bin/sh;
			shellScript = "\"${SRCROOT}/Pods/Target Support Files/Pods-BoundlessKit_Example/Pods-BoundlessKit_Example-frameworks.sh\"\n";
			showEnvVarsInLog = 0;
		};
		30A7DB781DB849E97B50A39F /* [CP] Check Pods Manifest.lock */ = {
			isa = PBXShellScriptBuildPhase;
			buildActionMask = 2147483647;
			files = (
			);
			inputPaths = (
				"${PODS_PODFILE_DIR_PATH}/Podfile.lock",
				"${PODS_ROOT}/Manifest.lock",
			);
			name = "[CP] Check Pods Manifest.lock";
			outputPaths = (
				"$(DERIVED_FILE_DIR)/Pods-BoundlessKit_Tests-checkManifestLockResult.txt",
			);
			runOnlyForDeploymentPostprocessing = 0;
			shellPath = /bin/sh;
			shellScript = "diff \"${PODS_PODFILE_DIR_PATH}/Podfile.lock\" \"${PODS_ROOT}/Manifest.lock\" > /dev/null\nif [ $? != 0 ] ; then\n    # print error to STDERR\n    echo \"error: The sandbox is not in sync with the Podfile.lock. Run 'pod install' or update your CocoaPods installation.\" >&2\n    exit 1\nfi\n# This output is used by Xcode 'outputs' to avoid re-running this script phase.\necho \"SUCCESS\" > \"${SCRIPT_OUTPUT_FILE_0}\"\n";
			showEnvVarsInLog = 0;
		};
		B602979431AAAFF3B749CA46 /* [CP] Embed Pods Frameworks */ = {
			isa = PBXShellScriptBuildPhase;
			buildActionMask = 2147483647;
			files = (
			);
			inputPaths = (
			);
			name = "[CP] Embed Pods Frameworks";
			outputPaths = (
			);
			runOnlyForDeploymentPostprocessing = 0;
			shellPath = /bin/sh;
			shellScript = "\"${SRCROOT}/Pods/Target Support Files/Pods-BoundlessKit_Tests/Pods-BoundlessKit_Tests-frameworks.sh\"\n";
			showEnvVarsInLog = 0;
		};
		C4769961D5D434D81D9C172B /* [CP] Copy Pods Resources */ = {
			isa = PBXShellScriptBuildPhase;
			buildActionMask = 2147483647;
			files = (
			);
			inputPaths = (
			);
			name = "[CP] Copy Pods Resources";
			outputPaths = (
			);
			runOnlyForDeploymentPostprocessing = 0;
			shellPath = /bin/sh;
			shellScript = "\"${SRCROOT}/Pods/Target Support Files/Pods-BoundlessKit_Tests/Pods-BoundlessKit_Tests-resources.sh\"\n";
			showEnvVarsInLog = 0;
		};
		CF35537666CFFF842D620964 /* [CP] Copy Pods Resources */ = {
			isa = PBXShellScriptBuildPhase;
			buildActionMask = 2147483647;
			files = (
			);
			inputPaths = (
				"${SRCROOT}/Pods/Target Support Files/Pods-BoundlessKit_Example/Pods-BoundlessKit_Example-resources.sh",
				"${PODS_CONFIGURATION_BUILD_DIR}/BoundlessKit/BoundlessKit.bundle",
			);
			name = "[CP] Copy Pods Resources";
			outputPaths = (
				"${TARGET_BUILD_DIR}/${UNLOCALIZED_RESOURCES_FOLDER_PATH}/BoundlessKit.bundle",
			);
			runOnlyForDeploymentPostprocessing = 0;
			shellPath = /bin/sh;
			shellScript = "\"${SRCROOT}/Pods/Target Support Files/Pods-BoundlessKit_Example/Pods-BoundlessKit_Example-resources.sh\"\n";
			showEnvVarsInLog = 0;
		};
		DA721D1537EDC4A1D53615E8 /* [CP] Check Pods Manifest.lock */ = {
			isa = PBXShellScriptBuildPhase;
			buildActionMask = 2147483647;
			files = (
			);
			inputPaths = (
				"${PODS_PODFILE_DIR_PATH}/Podfile.lock",
				"${PODS_ROOT}/Manifest.lock",
			);
			name = "[CP] Check Pods Manifest.lock";
			outputPaths = (
				"$(DERIVED_FILE_DIR)/Pods-BoundlessKit_Example-checkManifestLockResult.txt",
			);
			runOnlyForDeploymentPostprocessing = 0;
			shellPath = /bin/sh;
			shellScript = "diff \"${PODS_PODFILE_DIR_PATH}/Podfile.lock\" \"${PODS_ROOT}/Manifest.lock\" > /dev/null\nif [ $? != 0 ] ; then\n    # print error to STDERR\n    echo \"error: The sandbox is not in sync with the Podfile.lock. Run 'pod install' or update your CocoaPods installation.\" >&2\n    exit 1\nfi\n# This output is used by Xcode 'outputs' to avoid re-running this script phase.\necho \"SUCCESS\" > \"${SCRIPT_OUTPUT_FILE_0}\"\n";
			showEnvVarsInLog = 0;
		};
/* End PBXShellScriptBuildPhase section */

/* Begin PBXSourcesBuildPhase section */
		607FACCC1AFB9204008FA782 /* Sources */ = {
			isa = PBXSourcesBuildPhase;
			buildActionMask = 2147483647;
			files = (
				607FACD81AFB9204008FA782 /* ViewController.swift in Sources */,
				607FACD61AFB9204008FA782 /* AppDelegate.swift in Sources */,
			);
			runOnlyForDeploymentPostprocessing = 0;
		};
		842661D7204E03E8001FEA2F /* Sources */ = {
			isa = PBXSourcesBuildPhase;
			buildActionMask = 2147483647;
			files = (
				84CBF29120523F9D00FE49B9 /* TestManualIntegration.swift in Sources */,
				847A3CB3205844F400F16211 /* MockManualClient.swift in Sources */,
				84CE0FB72058531B00688A99 /* MockBoundlessKit.swift in Sources */,
				84CBF27B2051D31800FE49B9 /* MockViewController.swift in Sources */,
				84CE0FB5205851C900688A99 /* MockBKDatabase.swift in Sources */,
				84CBF28D20521DF200FE49B9 /* TestBoundlessKit.swift in Sources */,
				84CBF2802051E5D400FE49B9 /* TestInstanceSelector.swift in Sources */,
				84CBF2842051EA1500FE49B9 /* TestActionReinforcement.swift in Sources */,
				84CBF2822051E8AA00FE49B9 /* TestInstanceSelectorNotification.swift in Sources */,
				842661E5204E05B3001FEA2F /* Tests.swift in Sources */,
				84CBF2A82055105600FE49B9 /* TestBoundlessAPIObjects.swift in Sources */,
				847A3CB2205844ED00F16211 /* MockHTTPClient.swift in Sources */,
				84CBF289205213F500FE49B9 /* NotificationReceiver.swift in Sources */,
			);
			runOnlyForDeploymentPostprocessing = 0;
		};
/* End PBXSourcesBuildPhase section */

/* Begin PBXTargetDependency section */
		842661E1204E03E8001FEA2F /* PBXTargetDependency */ = {
			isa = PBXTargetDependency;
			target = 607FACCF1AFB9204008FA782 /* BoundlessKit_Example */;
			targetProxy = 842661E0204E03E8001FEA2F /* PBXContainerItemProxy */;
		};
/* End PBXTargetDependency section */

/* Begin PBXVariantGroup section */
		607FACD91AFB9204008FA782 /* Main.storyboard */ = {
			isa = PBXVariantGroup;
			children = (
				607FACDA1AFB9204008FA782 /* Base */,
			);
			name = Main.storyboard;
			sourceTree = "<group>";
		};
		607FACDE1AFB9204008FA782 /* LaunchScreen.xib */ = {
			isa = PBXVariantGroup;
			children = (
				607FACDF1AFB9204008FA782 /* Base */,
			);
			name = LaunchScreen.xib;
			sourceTree = "<group>";
		};
/* End PBXVariantGroup section */

/* Begin XCBuildConfiguration section */
		607FACED1AFB9204008FA782 /* Debug */ = {
			isa = XCBuildConfiguration;
			buildSettings = {
				ALWAYS_SEARCH_USER_PATHS = NO;
				CLANG_CXX_LANGUAGE_STANDARD = "gnu++0x";
				CLANG_CXX_LIBRARY = "libc++";
				CLANG_ENABLE_MODULES = YES;
				CLANG_ENABLE_OBJC_ARC = YES;
				CLANG_WARN_BLOCK_CAPTURE_AUTORELEASING = YES;
				CLANG_WARN_BOOL_CONVERSION = YES;
				CLANG_WARN_COMMA = YES;
				CLANG_WARN_CONSTANT_CONVERSION = YES;
				CLANG_WARN_DIRECT_OBJC_ISA_USAGE = YES_ERROR;
				CLANG_WARN_EMPTY_BODY = YES;
				CLANG_WARN_ENUM_CONVERSION = YES;
				CLANG_WARN_INFINITE_RECURSION = YES;
				CLANG_WARN_INT_CONVERSION = YES;
				CLANG_WARN_NON_LITERAL_NULL_CONVERSION = YES;
				CLANG_WARN_OBJC_LITERAL_CONVERSION = YES;
				CLANG_WARN_OBJC_ROOT_CLASS = YES_ERROR;
				CLANG_WARN_RANGE_LOOP_ANALYSIS = YES;
				CLANG_WARN_STRICT_PROTOTYPES = YES;
				CLANG_WARN_SUSPICIOUS_MOVE = YES;
				CLANG_WARN_UNREACHABLE_CODE = YES;
				CLANG_WARN__DUPLICATE_METHOD_MATCH = YES;
				"CODE_SIGN_IDENTITY[sdk=iphoneos*]" = "iPhone Developer";
				COPY_PHASE_STRIP = NO;
				DEBUG_INFORMATION_FORMAT = "dwarf-with-dsym";
				ENABLE_STRICT_OBJC_MSGSEND = YES;
				ENABLE_TESTABILITY = YES;
				GCC_C_LANGUAGE_STANDARD = gnu99;
				GCC_DYNAMIC_NO_PIC = NO;
				GCC_NO_COMMON_BLOCKS = YES;
				GCC_OPTIMIZATION_LEVEL = 0;
				GCC_PREPROCESSOR_DEFINITIONS = (
					"DEBUG=1",
					"$(inherited)",
				);
				GCC_SYMBOLS_PRIVATE_EXTERN = NO;
				GCC_WARN_64_TO_32_BIT_CONVERSION = YES;
				GCC_WARN_ABOUT_RETURN_TYPE = YES_ERROR;
				GCC_WARN_UNDECLARED_SELECTOR = YES;
				GCC_WARN_UNINITIALIZED_AUTOS = YES_AGGRESSIVE;
				GCC_WARN_UNUSED_FUNCTION = YES;
				GCC_WARN_UNUSED_VARIABLE = YES;
				IPHONEOS_DEPLOYMENT_TARGET = 9.3;
				MTL_ENABLE_DEBUG_INFO = YES;
				ONLY_ACTIVE_ARCH = YES;
				SDKROOT = iphoneos;
				SWIFT_OPTIMIZATION_LEVEL = "-Onone";
			};
			name = Debug;
		};
		607FACEE1AFB9204008FA782 /* Release */ = {
			isa = XCBuildConfiguration;
			buildSettings = {
				ALWAYS_SEARCH_USER_PATHS = NO;
				CLANG_CXX_LANGUAGE_STANDARD = "gnu++0x";
				CLANG_CXX_LIBRARY = "libc++";
				CLANG_ENABLE_MODULES = YES;
				CLANG_ENABLE_OBJC_ARC = YES;
				CLANG_WARN_BLOCK_CAPTURE_AUTORELEASING = YES;
				CLANG_WARN_BOOL_CONVERSION = YES;
				CLANG_WARN_COMMA = YES;
				CLANG_WARN_CONSTANT_CONVERSION = YES;
				CLANG_WARN_DIRECT_OBJC_ISA_USAGE = YES_ERROR;
				CLANG_WARN_EMPTY_BODY = YES;
				CLANG_WARN_ENUM_CONVERSION = YES;
				CLANG_WARN_INFINITE_RECURSION = YES;
				CLANG_WARN_INT_CONVERSION = YES;
				CLANG_WARN_NON_LITERAL_NULL_CONVERSION = YES;
				CLANG_WARN_OBJC_LITERAL_CONVERSION = YES;
				CLANG_WARN_OBJC_ROOT_CLASS = YES_ERROR;
				CLANG_WARN_RANGE_LOOP_ANALYSIS = YES;
				CLANG_WARN_STRICT_PROTOTYPES = YES;
				CLANG_WARN_SUSPICIOUS_MOVE = YES;
				CLANG_WARN_UNREACHABLE_CODE = YES;
				CLANG_WARN__DUPLICATE_METHOD_MATCH = YES;
				"CODE_SIGN_IDENTITY[sdk=iphoneos*]" = "iPhone Developer";
				COPY_PHASE_STRIP = NO;
				DEBUG_INFORMATION_FORMAT = "dwarf-with-dsym";
				ENABLE_NS_ASSERTIONS = NO;
				ENABLE_STRICT_OBJC_MSGSEND = YES;
				GCC_C_LANGUAGE_STANDARD = gnu99;
				GCC_NO_COMMON_BLOCKS = YES;
				GCC_WARN_64_TO_32_BIT_CONVERSION = YES;
				GCC_WARN_ABOUT_RETURN_TYPE = YES_ERROR;
				GCC_WARN_UNDECLARED_SELECTOR = YES;
				GCC_WARN_UNINITIALIZED_AUTOS = YES_AGGRESSIVE;
				GCC_WARN_UNUSED_FUNCTION = YES;
				GCC_WARN_UNUSED_VARIABLE = YES;
				IPHONEOS_DEPLOYMENT_TARGET = 9.3;
				MTL_ENABLE_DEBUG_INFO = NO;
				SDKROOT = iphoneos;
				SWIFT_OPTIMIZATION_LEVEL = "-Owholemodule";
				VALIDATE_PRODUCT = YES;
			};
			name = Release;
		};
		607FACF01AFB9204008FA782 /* Debug */ = {
			isa = XCBuildConfiguration;
			baseConfigurationReference = 4341E17F9941E649AA7F2266 /* Pods-BoundlessKit_Example.debug.xcconfig */;
			buildSettings = {
				ASSETCATALOG_COMPILER_APPICON_NAME = AppIcon;
				DEVELOPMENT_TEAM = A4K9NYBV99;
				INFOPLIST_FILE = BoundlessKit/Info.plist;
				IPHONEOS_DEPLOYMENT_TARGET = 9.0;
				LD_RUNPATH_SEARCH_PATHS = "$(inherited) @executable_path/Frameworks";
				MODULE_NAME = ExampleApp;
				PRODUCT_BUNDLE_IDENTIFIER = "org.cocoapods.demo.$(PRODUCT_NAME:rfc1034identifier)";
				PRODUCT_NAME = "$(TARGET_NAME)";
				SWIFT_SWIFT3_OBJC_INFERENCE = Default;
				SWIFT_VERSION = 4.0;
			};
			name = Debug;
		};
		607FACF11AFB9204008FA782 /* Release */ = {
			isa = XCBuildConfiguration;
			baseConfigurationReference = BDC562A41F51EDFEEBDD96AE /* Pods-BoundlessKit_Example.release.xcconfig */;
			buildSettings = {
				ASSETCATALOG_COMPILER_APPICON_NAME = AppIcon;
				DEVELOPMENT_TEAM = A4K9NYBV99;
				INFOPLIST_FILE = BoundlessKit/Info.plist;
				IPHONEOS_DEPLOYMENT_TARGET = 9.0;
				LD_RUNPATH_SEARCH_PATHS = "$(inherited) @executable_path/Frameworks";
				MODULE_NAME = ExampleApp;
				PRODUCT_BUNDLE_IDENTIFIER = "org.cocoapods.demo.$(PRODUCT_NAME:rfc1034identifier)";
				PRODUCT_NAME = "$(TARGET_NAME)";
				SWIFT_SWIFT3_OBJC_INFERENCE = Default;
				SWIFT_VERSION = 4.0;
			};
			name = Release;
		};
		842661E3204E03E8001FEA2F /* Debug */ = {
			isa = XCBuildConfiguration;
			baseConfigurationReference = 938D580BBCCFD0A22693C187 /* Pods-BoundlessKit_Tests.debug.xcconfig */;
			buildSettings = {
				BUNDLE_LOADER = "$(TEST_HOST)";
				CLANG_ANALYZER_NONNULL = YES;
				CLANG_ANALYZER_NUMBER_OBJECT_CONVERSION = YES_AGGRESSIVE;
				CLANG_CXX_LANGUAGE_STANDARD = "gnu++14";
				CLANG_WARN_DOCUMENTATION_COMMENTS = YES;
				CLANG_WARN_UNGUARDED_AVAILABILITY = YES_AGGRESSIVE;
				CODE_SIGN_IDENTITY = "iPhone Developer";
				"CODE_SIGN_IDENTITY[sdk=iphoneos*]" = "iPhone Developer";
				CODE_SIGN_STYLE = Automatic;
				DEBUG_INFORMATION_FORMAT = dwarf;
				DEVELOPMENT_TEAM = "";
				GCC_C_LANGUAGE_STANDARD = gnu11;
				INFOPLIST_FILE = Tests/Info.plist;
				IPHONEOS_DEPLOYMENT_TARGET = 11.2;
				LD_RUNPATH_SEARCH_PATHS = "$(inherited) @executable_path/Frameworks @loader_path/Frameworks";
				PRODUCT_BUNDLE_IDENTIFIER = "com.boundlessai.BoundlessKit-Tests";
				PRODUCT_NAME = "$(TARGET_NAME)";
				PROVISIONING_PROFILE_SPECIFIER = "";
				SWIFT_ACTIVE_COMPILATION_CONDITIONS = DEBUG;
				SWIFT_VERSION = 4.0;
				TARGETED_DEVICE_FAMILY = "1,2";
				TEST_HOST = "$(BUILT_PRODUCTS_DIR)/BoundlessKit_Example.app/BoundlessKit_Example";
			};
			name = Debug;
		};
		842661E4204E03E8001FEA2F /* Release */ = {
			isa = XCBuildConfiguration;
			baseConfigurationReference = C7FD915CFC81F1747DC11F5F /* Pods-BoundlessKit_Tests.release.xcconfig */;
			buildSettings = {
				BUNDLE_LOADER = "$(TEST_HOST)";
				CLANG_ANALYZER_NONNULL = YES;
				CLANG_ANALYZER_NUMBER_OBJECT_CONVERSION = YES_AGGRESSIVE;
				CLANG_CXX_LANGUAGE_STANDARD = "gnu++14";
				CLANG_WARN_DOCUMENTATION_COMMENTS = YES;
				CLANG_WARN_UNGUARDED_AVAILABILITY = YES_AGGRESSIVE;
				CODE_SIGN_IDENTITY = "iPhone Developer";
				"CODE_SIGN_IDENTITY[sdk=iphoneos*]" = "iPhone Developer";
				CODE_SIGN_STYLE = Automatic;
				DEVELOPMENT_TEAM = "";
				GCC_C_LANGUAGE_STANDARD = gnu11;
				INFOPLIST_FILE = Tests/Info.plist;
				IPHONEOS_DEPLOYMENT_TARGET = 11.2;
				LD_RUNPATH_SEARCH_PATHS = "$(inherited) @executable_path/Frameworks @loader_path/Frameworks";
				PRODUCT_BUNDLE_IDENTIFIER = "com.boundlessai.BoundlessKit-Tests";
				PRODUCT_NAME = "$(TARGET_NAME)";
				PROVISIONING_PROFILE_SPECIFIER = "";
				SWIFT_VERSION = 4.0;
				TARGETED_DEVICE_FAMILY = "1,2";
				TEST_HOST = "$(BUILT_PRODUCTS_DIR)/BoundlessKit_Example.app/BoundlessKit_Example";
			};
			name = Release;
		};
/* End XCBuildConfiguration section */

/* Begin XCConfigurationList section */
		607FACCB1AFB9204008FA782 /* Build configuration list for PBXProject "BoundlessKit" */ = {
			isa = XCConfigurationList;
			buildConfigurations = (
				607FACED1AFB9204008FA782 /* Debug */,
				607FACEE1AFB9204008FA782 /* Release */,
			);
			defaultConfigurationIsVisible = 0;
			defaultConfigurationName = Release;
		};
		607FACEF1AFB9204008FA782 /* Build configuration list for PBXNativeTarget "BoundlessKit_Example" */ = {
			isa = XCConfigurationList;
			buildConfigurations = (
				607FACF01AFB9204008FA782 /* Debug */,
				607FACF11AFB9204008FA782 /* Release */,
			);
			defaultConfigurationIsVisible = 0;
			defaultConfigurationName = Release;
		};
		842661E2204E03E8001FEA2F /* Build configuration list for PBXNativeTarget "BoundlessKit_Tests" */ = {
			isa = XCConfigurationList;
			buildConfigurations = (
				842661E3204E03E8001FEA2F /* Debug */,
				842661E4204E03E8001FEA2F /* Release */,
			);
			defaultConfigurationIsVisible = 0;
			defaultConfigurationName = Release;
		};
/* End XCConfigurationList section */
	};
	rootObject = 607FACC81AFB9204008FA782 /* Project object */;
}
