// !$*UTF8*$!
{
	archiveVersion = 1;
	classes = {
	};
	objectVersion = 46;
	objects = {

/* Begin PBXBuildFile section */
		0283994CFA5A38870F36E728 /* Pods_DopamineKit_Example_DopamineKit_ReleaseTests.framework in Frameworks */ = {isa = PBXBuildFile; fileRef = 0DF081F77516BA95554A81B7 /* Pods_DopamineKit_Example_DopamineKit_ReleaseTests.framework */; };
		0D2C64953E1A0CBF35FE3A1A /* Pods_DopamineKit_ReleaseTests.framework in Frameworks */ = {isa = PBXBuildFile; fileRef = 8F1D3857ECA4E0061885C39B /* Pods_DopamineKit_ReleaseTests.framework */; };
		607FACD61AFB9204008FA782 /* AppDelegate.swift in Sources */ = {isa = PBXBuildFile; fileRef = 607FACD51AFB9204008FA782 /* AppDelegate.swift */; };
		607FACD81AFB9204008FA782 /* ViewController.swift in Sources */ = {isa = PBXBuildFile; fileRef = 607FACD71AFB9204008FA782 /* ViewController.swift */; };
		607FACDB1AFB9204008FA782 /* Main.storyboard in Resources */ = {isa = PBXBuildFile; fileRef = 607FACD91AFB9204008FA782 /* Main.storyboard */; };
		607FACDD1AFB9204008FA782 /* Images.xcassets in Resources */ = {isa = PBXBuildFile; fileRef = 607FACDC1AFB9204008FA782 /* Images.xcassets */; };
		607FACE01AFB9204008FA782 /* LaunchScreen.xib in Resources */ = {isa = PBXBuildFile; fileRef = 607FACDE1AFB9204008FA782 /* LaunchScreen.xib */; };
		618AB7D4B09620A89C05BEC8 /* Pods_DopamineKit_ReleaseUITests.framework in Frameworks */ = {isa = PBXBuildFile; fileRef = 60D4967CFBED559858E1915A /* Pods_DopamineKit_ReleaseUITests.framework */; };
		8427E917202B7B3A00EAF363 /* DopamineKit_ReleaseTests.swift in Sources */ = {isa = PBXBuildFile; fileRef = 8427E916202B7B3A00EAF363 /* DopamineKit_ReleaseTests.swift */; };
		8427E91F202B7B6A00EAF363 /* DopamineDemoProperties.plist in Resources */ = {isa = PBXBuildFile; fileRef = 8427E91E202B7B6A00EAF363 /* DopamineDemoProperties.plist */; };
		8427E921202B7BAE00EAF363 /* DopamineKit_SwizzleTests.swift in Sources */ = {isa = PBXBuildFile; fileRef = 8427E920202B7BAE00EAF363 /* DopamineKit_SwizzleTests.swift */; };
		8427E923202B7BCB00EAF363 /* ViewController+Extensions.swift in Sources */ = {isa = PBXBuildFile; fileRef = 8427E922202B7BCB00EAF363 /* ViewController+Extensions.swift */; };
		8427E92D202B7D4500EAF363 /* DopamineKit_ReleaseUITests.swift in Sources */ = {isa = PBXBuildFile; fileRef = 8427E92C202B7D4500EAF363 /* DopamineKit_ReleaseUITests.swift */; };
		8427E935202B7D5800EAF363 /* DopamineDemoProperties.plist in Resources */ = {isa = PBXBuildFile; fileRef = 8427E934202B7D5800EAF363 /* DopamineDemoProperties.plist */; };
		8427E937202B92F900EAF363 /* DopamineKit_APITests.swift in Sources */ = {isa = PBXBuildFile; fileRef = 8427E936202B92F900EAF363 /* DopamineKit_APITests.swift */; };
		8427E93C202B9B0400EAF363 /* ViewController+Extensions.swift in Sources */ = {isa = PBXBuildFile; fileRef = 8427E93B202B9B0400EAF363 /* ViewController+Extensions.swift */; };
		844FAF971D36EC860014A9D6 /* DopamineProperties.plist in Resources */ = {isa = PBXBuildFile; fileRef = 844FAF961D36EC860014A9D6 /* DopamineProperties.plist */; };
		8493A52A1D53051D00EA7232 /* CandyIcon.swift in Sources */ = {isa = PBXBuildFile; fileRef = 8493A5271D53051D00EA7232 /* CandyIcon.swift */; };
		8493A52B1D53051D00EA7232 /* CandyIcons.xcassets in Resources */ = {isa = PBXBuildFile; fileRef = 8493A5281D53051D00EA7232 /* CandyIcons.xcassets */; };
		84EF26901D691C1800B6C954 /* DopamineKit.framework in Frameworks */ = {isa = PBXBuildFile; fileRef = 84EF268F1D691C1800B6C954 /* DopamineKit.framework */; };
		9DD57D94A51C137B084820ED /* Pods_DopamineKit_Example.framework in Frameworks */ = {isa = PBXBuildFile; fileRef = 841CA6062022843400B90009 /* Pods_DopamineKit_Example.framework */; };
		D56EC949B919367F1D135F72 /* Pods_DopamineKit_Example_DopamineKit_ReleaseUITests.framework in Frameworks */ = {isa = PBXBuildFile; fileRef = 4A471A4F5DB3B2007FBCA0BC /* Pods_DopamineKit_Example_DopamineKit_ReleaseUITests.framework */; };
		F86F8E848536FBBB73C95B7F /* Pods_DopamineKit_Example.framework in Frameworks */ = {isa = PBXBuildFile; fileRef = 8DF9C7A08429EDAA6D4D30C2 /* Pods_DopamineKit_Example.framework */; };
/* End PBXBuildFile section */

/* Begin PBXContainerItemProxy section */
		8427E919202B7B3A00EAF363 /* PBXContainerItemProxy */ = {
			isa = PBXContainerItemProxy;
			containerPortal = 607FACC81AFB9204008FA782 /* Project object */;
			proxyType = 1;
			remoteGlobalIDString = 607FACCF1AFB9204008FA782;
			remoteInfo = DopamineKit_Example;
		};
		8427E92F202B7D4500EAF363 /* PBXContainerItemProxy */ = {
			isa = PBXContainerItemProxy;
			containerPortal = 607FACC81AFB9204008FA782 /* Project object */;
			proxyType = 1;
			remoteGlobalIDString = 607FACCF1AFB9204008FA782;
			remoteInfo = DopamineKit_Example;
		};
/* End PBXContainerItemProxy section */

/* Begin PBXFileReference section */
		0498B184D9048B7F96411D2D /* Pods-DopamineKit_Example.debug.xcconfig */ = {isa = PBXFileReference; includeInIndex = 1; lastKnownFileType = text.xcconfig; name = "Pods-DopamineKit_Example.debug.xcconfig"; path = "Pods/Target Support Files/Pods-DopamineKit_Example/Pods-DopamineKit_Example.debug.xcconfig"; sourceTree = "<group>"; };
		0DF081F77516BA95554A81B7 /* Pods_DopamineKit_Example_DopamineKit_ReleaseTests.framework */ = {isa = PBXFileReference; explicitFileType = wrapper.framework; includeInIndex = 0; path = Pods_DopamineKit_Example_DopamineKit_ReleaseTests.framework; sourceTree = BUILT_PRODUCTS_DIR; };
		0FE9DB408D4727EF339314C6 /* Pods-DopamineKit_ExampleUITests.debug.xcconfig */ = {isa = PBXFileReference; includeInIndex = 1; lastKnownFileType = text.xcconfig; name = "Pods-DopamineKit_ExampleUITests.debug.xcconfig"; path = "Pods/Target Support Files/Pods-DopamineKit_ExampleUITests/Pods-DopamineKit_ExampleUITests.debug.xcconfig"; sourceTree = "<group>"; };
		101F6BD0552D25826A486B97 /* Pods-DopamineKit_Example.release.xcconfig */ = {isa = PBXFileReference; includeInIndex = 1; lastKnownFileType = text.xcconfig; name = "Pods-DopamineKit_Example.release.xcconfig"; path = "Pods/Target Support Files/Pods-DopamineKit_Example/Pods-DopamineKit_Example.release.xcconfig"; sourceTree = "<group>"; };
		151D5450E4B6264FCCEF6252 /* Pods-DopamineKit_ReleaseTests.release.xcconfig */ = {isa = PBXFileReference; includeInIndex = 1; lastKnownFileType = text.xcconfig; name = "Pods-DopamineKit_ReleaseTests.release.xcconfig"; path = "Pods/Target Support Files/Pods-DopamineKit_ReleaseTests/Pods-DopamineKit_ReleaseTests.release.xcconfig"; sourceTree = "<group>"; };
		36EB29AC359721558089672A /* Pods-DopamineKit_RewardUITests.debug.xcconfig */ = {isa = PBXFileReference; includeInIndex = 1; lastKnownFileType = text.xcconfig; name = "Pods-DopamineKit_RewardUITests.debug.xcconfig"; path = "Pods/Target Support Files/Pods-DopamineKit_RewardUITests/Pods-DopamineKit_RewardUITests.debug.xcconfig"; sourceTree = "<group>"; };
		3CE52A3D3159DB87E8F4DD26 /* Pods-DopamineKit_Example-DopamineKit_ReleaseUITests.release.xcconfig */ = {isa = PBXFileReference; includeInIndex = 1; lastKnownFileType = text.xcconfig; name = "Pods-DopamineKit_Example-DopamineKit_ReleaseUITests.release.xcconfig"; path = "Pods/Target Support Files/Pods-DopamineKit_Example-DopamineKit_ReleaseUITests/Pods-DopamineKit_Example-DopamineKit_ReleaseUITests.release.xcconfig"; sourceTree = "<group>"; };
		41CA94244391DE7FF95AD75E /* Pods_DopamineKit_Tests.framework */ = {isa = PBXFileReference; explicitFileType = wrapper.framework; includeInIndex = 0; path = Pods_DopamineKit_Tests.framework; sourceTree = BUILT_PRODUCTS_DIR; };
		4593427C28CEDE734B8A00C1 /* Pods-DopamineKit_SwizzleTests.debug.xcconfig */ = {isa = PBXFileReference; includeInIndex = 1; lastKnownFileType = text.xcconfig; name = "Pods-DopamineKit_SwizzleTests.debug.xcconfig"; path = "Pods/Target Support Files/Pods-DopamineKit_SwizzleTests/Pods-DopamineKit_SwizzleTests.debug.xcconfig"; sourceTree = "<group>"; };
		4A471A4F5DB3B2007FBCA0BC /* Pods_DopamineKit_Example_DopamineKit_ReleaseUITests.framework */ = {isa = PBXFileReference; explicitFileType = wrapper.framework; includeInIndex = 0; path = Pods_DopamineKit_Example_DopamineKit_ReleaseUITests.framework; sourceTree = BUILT_PRODUCTS_DIR; };
		4FF6EFB9B7461074263E4F2A /* Pods-DopamineKit_ReleaseUITests.debug.xcconfig */ = {isa = PBXFileReference; includeInIndex = 1; lastKnownFileType = text.xcconfig; name = "Pods-DopamineKit_ReleaseUITests.debug.xcconfig"; path = "Pods/Target Support Files/Pods-DopamineKit_ReleaseUITests/Pods-DopamineKit_ReleaseUITests.debug.xcconfig"; sourceTree = "<group>"; };
		51A776257EE09D6CE69CA9DC /* Pods_DopamineKit_SwizzleTests.framework */ = {isa = PBXFileReference; explicitFileType = wrapper.framework; includeInIndex = 0; path = Pods_DopamineKit_SwizzleTests.framework; sourceTree = BUILT_PRODUCTS_DIR; };
		55BA7F8C0A7DE79B8B1168FC /* Pods-DopamineKit_Tests.release.xcconfig */ = {isa = PBXFileReference; includeInIndex = 1; lastKnownFileType = text.xcconfig; name = "Pods-DopamineKit_Tests.release.xcconfig"; path = "Pods/Target Support Files/Pods-DopamineKit_Tests/Pods-DopamineKit_Tests.release.xcconfig"; sourceTree = "<group>"; };
		607FACD01AFB9204008FA782 /* DopamineKit_Example.app */ = {isa = PBXFileReference; explicitFileType = wrapper.application; includeInIndex = 0; path = DopamineKit_Example.app; sourceTree = BUILT_PRODUCTS_DIR; };
		607FACD41AFB9204008FA782 /* Info.plist */ = {isa = PBXFileReference; lastKnownFileType = text.plist.xml; path = Info.plist; sourceTree = "<group>"; };
		607FACD51AFB9204008FA782 /* AppDelegate.swift */ = {isa = PBXFileReference; lastKnownFileType = sourcecode.swift; path = AppDelegate.swift; sourceTree = "<group>"; };
		607FACD71AFB9204008FA782 /* ViewController.swift */ = {isa = PBXFileReference; lastKnownFileType = sourcecode.swift; path = ViewController.swift; sourceTree = "<group>"; };
		607FACDA1AFB9204008FA782 /* Base */ = {isa = PBXFileReference; lastKnownFileType = file.storyboard; name = Base; path = Base.lproj/Main.storyboard; sourceTree = "<group>"; };
		607FACDC1AFB9204008FA782 /* Images.xcassets */ = {isa = PBXFileReference; lastKnownFileType = folder.assetcatalog; path = Images.xcassets; sourceTree = "<group>"; };
		607FACDF1AFB9204008FA782 /* Base */ = {isa = PBXFileReference; lastKnownFileType = file.xib; name = Base; path = Base.lproj/LaunchScreen.xib; sourceTree = "<group>"; };
		60D4967CFBED559858E1915A /* Pods_DopamineKit_ReleaseUITests.framework */ = {isa = PBXFileReference; explicitFileType = wrapper.framework; includeInIndex = 0; path = Pods_DopamineKit_ReleaseUITests.framework; sourceTree = BUILT_PRODUCTS_DIR; };
		6CA3FBD2E806F6C71EFAD7D9 /* DopamineKit.podspec */ = {isa = PBXFileReference; includeInIndex = 1; lastKnownFileType = text; name = DopamineKit.podspec; path = ../DopamineKit.podspec; sourceTree = "<group>"; };
		71065B0791EC5BEAF78A264A /* Pods_DopamineKit_ExampleUITests.framework */ = {isa = PBXFileReference; explicitFileType = wrapper.framework; includeInIndex = 0; path = Pods_DopamineKit_ExampleUITests.framework; sourceTree = BUILT_PRODUCTS_DIR; };
		7BCBA8F89DFCE358C8945171 /* Pods-DopamineKit_RewardUITests.release.xcconfig */ = {isa = PBXFileReference; includeInIndex = 1; lastKnownFileType = text.xcconfig; name = "Pods-DopamineKit_RewardUITests.release.xcconfig"; path = "Pods/Target Support Files/Pods-DopamineKit_RewardUITests/Pods-DopamineKit_RewardUITests.release.xcconfig"; sourceTree = "<group>"; };
		83D85254AEE0F2D7F728BC87 /* README.md */ = {isa = PBXFileReference; includeInIndex = 1; lastKnownFileType = net.daringfireball.markdown; name = README.md; path = ../README.md; sourceTree = "<group>"; };
		841CA604202283EC00B90009 /* DopamineKit.framework */ = {isa = PBXFileReference; explicitFileType = wrapper.framework; path = DopamineKit.framework; sourceTree = BUILT_PRODUCTS_DIR; };
		841CA6062022843400B90009 /* Pods_DopamineKit_Example.framework */ = {isa = PBXFileReference; explicitFileType = wrapper.framework; path = Pods_DopamineKit_Example.framework; sourceTree = BUILT_PRODUCTS_DIR; };
		841CA6082022846900B90009 /* DopamineKit.framework */ = {isa = PBXFileReference; explicitFileType = wrapper.framework; path = DopamineKit.framework; sourceTree = BUILT_PRODUCTS_DIR; };
		841CA60A202285E000B90009 /* Pods_DopamineKit_Tests.framework */ = {isa = PBXFileReference; explicitFileType = wrapper.framework; path = Pods_DopamineKit_Tests.framework; sourceTree = BUILT_PRODUCTS_DIR; };
		841CA60C2022860D00B90009 /* DopamineKit.framework */ = {isa = PBXFileReference; explicitFileType = wrapper.framework; path = DopamineKit.framework; sourceTree = BUILT_PRODUCTS_DIR; };
		841CA6112022880000B90009 /* DopamineKit.framework */ = {isa = PBXFileReference; explicitFileType = wrapper.framework; path = DopamineKit.framework; sourceTree = BUILT_PRODUCTS_DIR; };
		841CA6132022899700B90009 /* DopamineKit.bundle */ = {isa = PBXFileReference; explicitFileType = wrapper.cfbundle; path = DopamineKit.bundle; sourceTree = BUILT_PRODUCTS_DIR; };
		8427E914202B7B3A00EAF363 /* DopamineKit_ReleaseTests.xctest */ = {isa = PBXFileReference; explicitFileType = wrapper.cfbundle; includeInIndex = 0; path = DopamineKit_ReleaseTests.xctest; sourceTree = BUILT_PRODUCTS_DIR; };
		8427E916202B7B3A00EAF363 /* DopamineKit_ReleaseTests.swift */ = {isa = PBXFileReference; lastKnownFileType = sourcecode.swift; path = DopamineKit_ReleaseTests.swift; sourceTree = "<group>"; };
		8427E918202B7B3A00EAF363 /* Info.plist */ = {isa = PBXFileReference; lastKnownFileType = text.plist.xml; path = Info.plist; sourceTree = "<group>"; };
		8427E91E202B7B6A00EAF363 /* DopamineDemoProperties.plist */ = {isa = PBXFileReference; fileEncoding = 4; lastKnownFileType = text.plist.xml; path = DopamineDemoProperties.plist; sourceTree = "<group>"; };
		8427E920202B7BAE00EAF363 /* DopamineKit_SwizzleTests.swift */ = {isa = PBXFileReference; fileEncoding = 4; lastKnownFileType = sourcecode.swift; path = DopamineKit_SwizzleTests.swift; sourceTree = "<group>"; };
		8427E922202B7BCB00EAF363 /* ViewController+Extensions.swift */ = {isa = PBXFileReference; fileEncoding = 4; lastKnownFileType = sourcecode.swift; path = "ViewController+Extensions.swift"; sourceTree = "<group>"; };
		8427E92A202B7D4500EAF363 /* DopamineKit_ReleaseUITests.xctest */ = {isa = PBXFileReference; explicitFileType = wrapper.cfbundle; includeInIndex = 0; path = DopamineKit_ReleaseUITests.xctest; sourceTree = BUILT_PRODUCTS_DIR; };
		8427E92C202B7D4500EAF363 /* DopamineKit_ReleaseUITests.swift */ = {isa = PBXFileReference; lastKnownFileType = sourcecode.swift; path = DopamineKit_ReleaseUITests.swift; sourceTree = "<group>"; };
		8427E92E202B7D4500EAF363 /* Info.plist */ = {isa = PBXFileReference; lastKnownFileType = text.plist.xml; path = Info.plist; sourceTree = "<group>"; };
		8427E934202B7D5800EAF363 /* DopamineDemoProperties.plist */ = {isa = PBXFileReference; fileEncoding = 4; lastKnownFileType = text.plist.xml; path = DopamineDemoProperties.plist; sourceTree = "<group>"; };
		8427E936202B92F900EAF363 /* DopamineKit_APITests.swift */ = {isa = PBXFileReference; fileEncoding = 4; lastKnownFileType = sourcecode.swift; path = DopamineKit_APITests.swift; sourceTree = "<group>"; };
		8427E93B202B9B0400EAF363 /* ViewController+Extensions.swift */ = {isa = PBXFileReference; fileEncoding = 4; lastKnownFileType = sourcecode.swift; path = "ViewController+Extensions.swift"; sourceTree = "<group>"; };
		844FAF961D36EC860014A9D6 /* DopamineProperties.plist */ = {isa = PBXFileReference; fileEncoding = 4; lastKnownFileType = text.plist.xml; path = DopamineProperties.plist; sourceTree = "<group>"; };
		8493A5271D53051D00EA7232 /* CandyIcon.swift */ = {isa = PBXFileReference; fileEncoding = 4; lastKnownFileType = sourcecode.swift; path = CandyIcon.swift; sourceTree = "<group>"; };
		8493A5281D53051D00EA7232 /* CandyIcons.xcassets */ = {isa = PBXFileReference; lastKnownFileType = folder.assetcatalog; path = CandyIcons.xcassets; sourceTree = "<group>"; };
		84A1D8DF1D380C2800CFC1AF /* LICENSE.txt */ = {isa = PBXFileReference; fileEncoding = 4; lastKnownFileType = text; name = LICENSE.txt; path = ../LICENSE.txt; sourceTree = "<group>"; };
		84EF268F1D691C1800B6C954 /* DopamineKit.framework */ = {isa = PBXFileReference; lastKnownFileType = wrapper.framework; name = DopamineKit.framework; path = "../../../../../Library/Developer/Xcode/DerivedData/DopamineKit-bqzpbftalgimbyaujrgefxksivjl/Build/Products/Debug-iphoneos/DopamineKit/DopamineKit.framework"; sourceTree = "<group>"; };
		857AE1E0C74C903873EE21F6 /* Pods-DopamineKit_Example-DopamineKit_ReleaseUITests.debug.xcconfig */ = {isa = PBXFileReference; includeInIndex = 1; lastKnownFileType = text.xcconfig; name = "Pods-DopamineKit_Example-DopamineKit_ReleaseUITests.debug.xcconfig"; path = "Pods/Target Support Files/Pods-DopamineKit_Example-DopamineKit_ReleaseUITests/Pods-DopamineKit_Example-DopamineKit_ReleaseUITests.debug.xcconfig"; sourceTree = "<group>"; };
		8DF9C7A08429EDAA6D4D30C2 /* Pods_DopamineKit_Example.framework */ = {isa = PBXFileReference; explicitFileType = wrapper.framework; includeInIndex = 0; path = Pods_DopamineKit_Example.framework; sourceTree = BUILT_PRODUCTS_DIR; };
		8F1D3857ECA4E0061885C39B /* Pods_DopamineKit_ReleaseTests.framework */ = {isa = PBXFileReference; explicitFileType = wrapper.framework; includeInIndex = 0; path = Pods_DopamineKit_ReleaseTests.framework; sourceTree = BUILT_PRODUCTS_DIR; };
		96B7A0A85F66D61F34BBEAA4 /* Pods-DopamineKit_Example-DopamineKit_ReleaseTests.release.xcconfig */ = {isa = PBXFileReference; includeInIndex = 1; lastKnownFileType = text.xcconfig; name = "Pods-DopamineKit_Example-DopamineKit_ReleaseTests.release.xcconfig"; path = "Pods/Target Support Files/Pods-DopamineKit_Example-DopamineKit_ReleaseTests/Pods-DopamineKit_Example-DopamineKit_ReleaseTests.release.xcconfig"; sourceTree = "<group>"; };
		9AC264C9E7F53E618B436A6E /* Pods-DopamineKit_ReleaseUITests.release.xcconfig */ = {isa = PBXFileReference; includeInIndex = 1; lastKnownFileType = text.xcconfig; name = "Pods-DopamineKit_ReleaseUITests.release.xcconfig"; path = "Pods/Target Support Files/Pods-DopamineKit_ReleaseUITests/Pods-DopamineKit_ReleaseUITests.release.xcconfig"; sourceTree = "<group>"; };
		A6E7B307417396D00561D8F0 /* Pods-DopamineKit_ReleaseTests.debug.xcconfig */ = {isa = PBXFileReference; includeInIndex = 1; lastKnownFileType = text.xcconfig; name = "Pods-DopamineKit_ReleaseTests.debug.xcconfig"; path = "Pods/Target Support Files/Pods-DopamineKit_ReleaseTests/Pods-DopamineKit_ReleaseTests.debug.xcconfig"; sourceTree = "<group>"; };
		A8776D26D1E71A662340BC8A /* Pods-DopamineKit_Tests.debug.xcconfig */ = {isa = PBXFileReference; includeInIndex = 1; lastKnownFileType = text.xcconfig; name = "Pods-DopamineKit_Tests.debug.xcconfig"; path = "Pods/Target Support Files/Pods-DopamineKit_Tests/Pods-DopamineKit_Tests.debug.xcconfig"; sourceTree = "<group>"; };
		B06320C1629152EEA143A71C /* Pods-DopamineKit_ExampleUITests.release.xcconfig */ = {isa = PBXFileReference; includeInIndex = 1; lastKnownFileType = text.xcconfig; name = "Pods-DopamineKit_ExampleUITests.release.xcconfig"; path = "Pods/Target Support Files/Pods-DopamineKit_ExampleUITests/Pods-DopamineKit_ExampleUITests.release.xcconfig"; sourceTree = "<group>"; };
		D91E804B0E49591318508873 /* Pods-DopamineKit_Example-DopamineKit_ReleaseTests.debug.xcconfig */ = {isa = PBXFileReference; includeInIndex = 1; lastKnownFileType = text.xcconfig; name = "Pods-DopamineKit_Example-DopamineKit_ReleaseTests.debug.xcconfig"; path = "Pods/Target Support Files/Pods-DopamineKit_Example-DopamineKit_ReleaseTests/Pods-DopamineKit_Example-DopamineKit_ReleaseTests.debug.xcconfig"; sourceTree = "<group>"; };
		EC5D8F2ABC04E15772274A6E /* Pods-DopamineKit_SwizzleTests.release.xcconfig */ = {isa = PBXFileReference; includeInIndex = 1; lastKnownFileType = text.xcconfig; name = "Pods-DopamineKit_SwizzleTests.release.xcconfig"; path = "Pods/Target Support Files/Pods-DopamineKit_SwizzleTests/Pods-DopamineKit_SwizzleTests.release.xcconfig"; sourceTree = "<group>"; };
		FBCEB461083919B60506C74B /* Pods_DopamineKit_RewardUITests.framework */ = {isa = PBXFileReference; explicitFileType = wrapper.framework; includeInIndex = 0; path = Pods_DopamineKit_RewardUITests.framework; sourceTree = BUILT_PRODUCTS_DIR; };
/* End PBXFileReference section */

/* Begin PBXFrameworksBuildPhase section */
		607FACCD1AFB9204008FA782 /* Frameworks */ = {
			isa = PBXFrameworksBuildPhase;
			buildActionMask = 2147483647;
			files = (
				84EF26901D691C1800B6C954 /* DopamineKit.framework in Frameworks */,
				F86F8E848536FBBB73C95B7F /* Pods_DopamineKit_Example.framework in Frameworks */,
				9DD57D94A51C137B084820ED /* Pods_DopamineKit_Example.framework in Frameworks */,
			);
			runOnlyForDeploymentPostprocessing = 0;
		};
		8427E911202B7B3A00EAF363 /* Frameworks */ = {
			isa = PBXFrameworksBuildPhase;
			buildActionMask = 2147483647;
			files = (
				0D2C64953E1A0CBF35FE3A1A /* Pods_DopamineKit_ReleaseTests.framework in Frameworks */,
				0283994CFA5A38870F36E728 /* Pods_DopamineKit_Example_DopamineKit_ReleaseTests.framework in Frameworks */,
			);
			runOnlyForDeploymentPostprocessing = 0;
		};
		8427E927202B7D4500EAF363 /* Frameworks */ = {
			isa = PBXFrameworksBuildPhase;
			buildActionMask = 2147483647;
			files = (
				618AB7D4B09620A89C05BEC8 /* Pods_DopamineKit_ReleaseUITests.framework in Frameworks */,
				D56EC949B919367F1D135F72 /* Pods_DopamineKit_Example_DopamineKit_ReleaseUITests.framework in Frameworks */,
			);
			runOnlyForDeploymentPostprocessing = 0;
		};
/* End PBXFrameworksBuildPhase section */

/* Begin PBXGroup section */
		371B6FD4DE95B934A99E01DE /* Frameworks */ = {
			isa = PBXGroup;
			children = (
				841CA6132022899700B90009 /* DopamineKit.bundle */,
				841CA6112022880000B90009 /* DopamineKit.framework */,
				841CA60C2022860D00B90009 /* DopamineKit.framework */,
				841CA60A202285E000B90009 /* Pods_DopamineKit_Tests.framework */,
				841CA6082022846900B90009 /* DopamineKit.framework */,
				841CA6062022843400B90009 /* Pods_DopamineKit_Example.framework */,
				841CA604202283EC00B90009 /* DopamineKit.framework */,
				84EF268F1D691C1800B6C954 /* DopamineKit.framework */,
				8DF9C7A08429EDAA6D4D30C2 /* Pods_DopamineKit_Example.framework */,
				41CA94244391DE7FF95AD75E /* Pods_DopamineKit_Tests.framework */,
				51A776257EE09D6CE69CA9DC /* Pods_DopamineKit_SwizzleTests.framework */,
				FBCEB461083919B60506C74B /* Pods_DopamineKit_RewardUITests.framework */,
				71065B0791EC5BEAF78A264A /* Pods_DopamineKit_ExampleUITests.framework */,
				8F1D3857ECA4E0061885C39B /* Pods_DopamineKit_ReleaseTests.framework */,
				60D4967CFBED559858E1915A /* Pods_DopamineKit_ReleaseUITests.framework */,
				0DF081F77516BA95554A81B7 /* Pods_DopamineKit_Example_DopamineKit_ReleaseTests.framework */,
				4A471A4F5DB3B2007FBCA0BC /* Pods_DopamineKit_Example_DopamineKit_ReleaseUITests.framework */,
			);
			name = Frameworks;
			sourceTree = "<group>";
		};
		3C38726B3843741AFA5C265C /* Pods */ = {
			isa = PBXGroup;
			children = (
				0498B184D9048B7F96411D2D /* Pods-DopamineKit_Example.debug.xcconfig */,
				101F6BD0552D25826A486B97 /* Pods-DopamineKit_Example.release.xcconfig */,
				A8776D26D1E71A662340BC8A /* Pods-DopamineKit_Tests.debug.xcconfig */,
				55BA7F8C0A7DE79B8B1168FC /* Pods-DopamineKit_Tests.release.xcconfig */,
				4593427C28CEDE734B8A00C1 /* Pods-DopamineKit_SwizzleTests.debug.xcconfig */,
				EC5D8F2ABC04E15772274A6E /* Pods-DopamineKit_SwizzleTests.release.xcconfig */,
				36EB29AC359721558089672A /* Pods-DopamineKit_RewardUITests.debug.xcconfig */,
				7BCBA8F89DFCE358C8945171 /* Pods-DopamineKit_RewardUITests.release.xcconfig */,
				0FE9DB408D4727EF339314C6 /* Pods-DopamineKit_ExampleUITests.debug.xcconfig */,
				B06320C1629152EEA143A71C /* Pods-DopamineKit_ExampleUITests.release.xcconfig */,
				A6E7B307417396D00561D8F0 /* Pods-DopamineKit_ReleaseTests.debug.xcconfig */,
				151D5450E4B6264FCCEF6252 /* Pods-DopamineKit_ReleaseTests.release.xcconfig */,
				4FF6EFB9B7461074263E4F2A /* Pods-DopamineKit_ReleaseUITests.debug.xcconfig */,
				9AC264C9E7F53E618B436A6E /* Pods-DopamineKit_ReleaseUITests.release.xcconfig */,
				D91E804B0E49591318508873 /* Pods-DopamineKit_Example-DopamineKit_ReleaseTests.debug.xcconfig */,
				96B7A0A85F66D61F34BBEAA4 /* Pods-DopamineKit_Example-DopamineKit_ReleaseTests.release.xcconfig */,
				857AE1E0C74C903873EE21F6 /* Pods-DopamineKit_Example-DopamineKit_ReleaseUITests.debug.xcconfig */,
				3CE52A3D3159DB87E8F4DD26 /* Pods-DopamineKit_Example-DopamineKit_ReleaseUITests.release.xcconfig */,
			);
			name = Pods;
			sourceTree = "<group>";
		};
		607FACC71AFB9204008FA782 = {
			isa = PBXGroup;
			children = (
				607FACF51AFB993E008FA782 /* Podspec Metadata */,
				607FACD21AFB9204008FA782 /* Example for DopamineKit */,
				8427E915202B7B3A00EAF363 /* DopamineKit_ReleaseTests */,
				8427E92B202B7D4500EAF363 /* DopamineKit_ReleaseUITests */,
				607FACD11AFB9204008FA782 /* Products */,
				3C38726B3843741AFA5C265C /* Pods */,
				371B6FD4DE95B934A99E01DE /* Frameworks */,
			);
			sourceTree = "<group>";
		};
		607FACD11AFB9204008FA782 /* Products */ = {
			isa = PBXGroup;
			children = (
				607FACD01AFB9204008FA782 /* DopamineKit_Example.app */,
				8427E914202B7B3A00EAF363 /* DopamineKit_ReleaseTests.xctest */,
				8427E92A202B7D4500EAF363 /* DopamineKit_ReleaseUITests.xctest */,
			);
			name = Products;
			sourceTree = "<group>";
		};
		607FACD21AFB9204008FA782 /* Example for DopamineKit */ = {
			isa = PBXGroup;
			children = (
				607FACD51AFB9204008FA782 /* AppDelegate.swift */,
				607FACD71AFB9204008FA782 /* ViewController.swift */,
				8493A5251D53051D00EA7232 /* Candy */,
				8493A5281D53051D00EA7232 /* CandyIcons.xcassets */,
				607FACDC1AFB9204008FA782 /* Images.xcassets */,
				844FAF961D36EC860014A9D6 /* DopamineProperties.plist */,
				607FACD91AFB9204008FA782 /* Main.storyboard */,
				607FACDE1AFB9204008FA782 /* LaunchScreen.xib */,
				607FACD31AFB9204008FA782 /* Supporting Files */,
			);
			name = "Example for DopamineKit";
			path = DopamineKit;
			sourceTree = "<group>";
		};
		607FACD31AFB9204008FA782 /* Supporting Files */ = {
			isa = PBXGroup;
			children = (
				607FACD41AFB9204008FA782 /* Info.plist */,
			);
			name = "Supporting Files";
			sourceTree = "<group>";
		};
		607FACF51AFB993E008FA782 /* Podspec Metadata */ = {
			isa = PBXGroup;
			children = (
				6CA3FBD2E806F6C71EFAD7D9 /* DopamineKit.podspec */,
				83D85254AEE0F2D7F728BC87 /* README.md */,
				84A1D8DF1D380C2800CFC1AF /* LICENSE.txt */,
			);
			name = "Podspec Metadata";
			sourceTree = "<group>";
		};
		8427E915202B7B3A00EAF363 /* DopamineKit_ReleaseTests */ = {
			isa = PBXGroup;
			children = (
				8427E916202B7B3A00EAF363 /* DopamineKit_ReleaseTests.swift */,
				8427E922202B7BCB00EAF363 /* ViewController+Extensions.swift */,
				8427E920202B7BAE00EAF363 /* DopamineKit_SwizzleTests.swift */,
				8427E936202B92F900EAF363 /* DopamineKit_APITests.swift */,
				8427E91E202B7B6A00EAF363 /* DopamineDemoProperties.plist */,
				8427E918202B7B3A00EAF363 /* Info.plist */,
			);
			path = DopamineKit_ReleaseTests;
			sourceTree = "<group>";
		};
		8427E92B202B7D4500EAF363 /* DopamineKit_ReleaseUITests */ = {
			isa = PBXGroup;
			children = (
				8427E92C202B7D4500EAF363 /* DopamineKit_ReleaseUITests.swift */,
				8427E93B202B9B0400EAF363 /* ViewController+Extensions.swift */,
				8427E934202B7D5800EAF363 /* DopamineDemoProperties.plist */,
				8427E92E202B7D4500EAF363 /* Info.plist */,
			);
			path = DopamineKit_ReleaseUITests;
			sourceTree = "<group>";
		};
		8493A5251D53051D00EA7232 /* Candy */ = {
			isa = PBXGroup;
			children = (
				8493A5271D53051D00EA7232 /* CandyIcon.swift */,
			);
			path = Candy;
			sourceTree = "<group>";
		};
/* End PBXGroup section */

/* Begin PBXNativeTarget section */
		607FACCF1AFB9204008FA782 /* DopamineKit_Example */ = {
			isa = PBXNativeTarget;
			buildConfigurationList = 607FACEF1AFB9204008FA782 /* Build configuration list for PBXNativeTarget "DopamineKit_Example" */;
			buildPhases = (
				1C8CE4B37242322B77A066A5 /* [CP] Check Pods Manifest.lock */,
				607FACCC1AFB9204008FA782 /* Sources */,
				607FACCD1AFB9204008FA782 /* Frameworks */,
				607FACCE1AFB9204008FA782 /* Resources */,
				4C516D0E40F05C1EA45E3608 /* [CP] Embed Pods Frameworks */,
				A2959B1AC09873EAD09FA878 /* [CP] Copy Pods Resources */,
			);
			buildRules = (
			);
			dependencies = (
			);
			name = DopamineKit_Example;
			productName = DopamineKit;
			productReference = 607FACD01AFB9204008FA782 /* DopamineKit_Example.app */;
			productType = "com.apple.product-type.application";
		};
		8427E913202B7B3A00EAF363 /* DopamineKit_ReleaseTests */ = {
			isa = PBXNativeTarget;
			buildConfigurationList = 8427E91D202B7B3A00EAF363 /* Build configuration list for PBXNativeTarget "DopamineKit_ReleaseTests" */;
			buildPhases = (
				B3EB1A6016AA1193D5851F4C /* [CP] Check Pods Manifest.lock */,
				8427E910202B7B3A00EAF363 /* Sources */,
				8427E911202B7B3A00EAF363 /* Frameworks */,
				8427E912202B7B3A00EAF363 /* Resources */,
				51B8DD556CE0EFD1CBB29347 /* [CP] Embed Pods Frameworks */,
				BA165D3554A6D7E6E089D5A9 /* [CP] Copy Pods Resources */,
			);
			buildRules = (
			);
			dependencies = (
				8427E91A202B7B3A00EAF363 /* PBXTargetDependency */,
			);
			name = DopamineKit_ReleaseTests;
			productName = DopamineKit_ReleaseTests;
			productReference = 8427E914202B7B3A00EAF363 /* DopamineKit_ReleaseTests.xctest */;
			productType = "com.apple.product-type.bundle.unit-test";
		};
		8427E929202B7D4500EAF363 /* DopamineKit_ReleaseUITests */ = {
			isa = PBXNativeTarget;
			buildConfigurationList = 8427E931202B7D4500EAF363 /* Build configuration list for PBXNativeTarget "DopamineKit_ReleaseUITests" */;
			buildPhases = (
				FAC1052E18B9E32C92317344 /* [CP] Check Pods Manifest.lock */,
				8427E926202B7D4500EAF363 /* Sources */,
				8427E927202B7D4500EAF363 /* Frameworks */,
				8427E928202B7D4500EAF363 /* Resources */,
				752465254266E14A769021EA /* [CP] Embed Pods Frameworks */,
				25A89DE215C2912B3AD51D8A /* [CP] Copy Pods Resources */,
			);
			buildRules = (
			);
			dependencies = (
				8427E930202B7D4500EAF363 /* PBXTargetDependency */,
			);
			name = DopamineKit_ReleaseUITests;
			productName = DopamineKit_ReleaseUITests;
			productReference = 8427E92A202B7D4500EAF363 /* DopamineKit_ReleaseUITests.xctest */;
			productType = "com.apple.product-type.bundle.ui-testing";
		};
/* End PBXNativeTarget section */

/* Begin PBXProject section */
		607FACC81AFB9204008FA782 /* Project object */ = {
			isa = PBXProject;
			attributes = {
				LastSwiftUpdateCheck = 0920;
				LastUpgradeCheck = 0900;
				ORGANIZATIONNAME = CocoaPods;
				TargetAttributes = {
					607FACCF1AFB9204008FA782 = {
						CreatedOnToolsVersion = 6.3.1;
						DevelopmentTeam = 367K5HG48M;
						LastSwiftMigration = 0900;
						SystemCapabilities = {
							com.apple.BackgroundModes = {
								enabled = 1;
							};
						};
					};
					8427E913202B7B3A00EAF363 = {
						CreatedOnToolsVersion = 9.2;
						DevelopmentTeam = A4K9NYBV99;
						ProvisioningStyle = Automatic;
						TestTargetID = 607FACCF1AFB9204008FA782;
					};
					8427E929202B7D4500EAF363 = {
						CreatedOnToolsVersion = 9.2;
						DevelopmentTeam = A4K9NYBV99;
						ProvisioningStyle = Automatic;
						TestTargetID = 607FACCF1AFB9204008FA782;
					};
				};
			};
			buildConfigurationList = 607FACCB1AFB9204008FA782 /* Build configuration list for PBXProject "DopamineKit" */;
			compatibilityVersion = "Xcode 3.2";
			developmentRegion = English;
			hasScannedForEncodings = 0;
			knownRegions = (
				en,
				Base,
			);
			mainGroup = 607FACC71AFB9204008FA782;
			productRefGroup = 607FACD11AFB9204008FA782 /* Products */;
			projectDirPath = "";
			projectRoot = "";
			targets = (
				607FACCF1AFB9204008FA782 /* DopamineKit_Example */,
				8427E913202B7B3A00EAF363 /* DopamineKit_ReleaseTests */,
				8427E929202B7D4500EAF363 /* DopamineKit_ReleaseUITests */,
			);
		};
/* End PBXProject section */

/* Begin PBXResourcesBuildPhase section */
		607FACCE1AFB9204008FA782 /* Resources */ = {
			isa = PBXResourcesBuildPhase;
			buildActionMask = 2147483647;
			files = (
				844FAF971D36EC860014A9D6 /* DopamineProperties.plist in Resources */,
				607FACDB1AFB9204008FA782 /* Main.storyboard in Resources */,
				607FACE01AFB9204008FA782 /* LaunchScreen.xib in Resources */,
				607FACDD1AFB9204008FA782 /* Images.xcassets in Resources */,
				8493A52B1D53051D00EA7232 /* CandyIcons.xcassets in Resources */,
			);
			runOnlyForDeploymentPostprocessing = 0;
		};
		8427E912202B7B3A00EAF363 /* Resources */ = {
			isa = PBXResourcesBuildPhase;
			buildActionMask = 2147483647;
			files = (
				8427E91F202B7B6A00EAF363 /* DopamineDemoProperties.plist in Resources */,
			);
			runOnlyForDeploymentPostprocessing = 0;
		};
		8427E928202B7D4500EAF363 /* Resources */ = {
			isa = PBXResourcesBuildPhase;
			buildActionMask = 2147483647;
			files = (
				8427E935202B7D5800EAF363 /* DopamineDemoProperties.plist in Resources */,
			);
			runOnlyForDeploymentPostprocessing = 0;
		};
/* End PBXResourcesBuildPhase section */

/* Begin PBXShellScriptBuildPhase section */
		1C8CE4B37242322B77A066A5 /* [CP] Check Pods Manifest.lock */ = {
			isa = PBXShellScriptBuildPhase;
			buildActionMask = 2147483647;
			files = (
			);
			inputPaths = (
				"${PODS_PODFILE_DIR_PATH}/Podfile.lock",
				"${PODS_ROOT}/Manifest.lock",
			);
			name = "[CP] Check Pods Manifest.lock";
			outputPaths = (
				"$(DERIVED_FILE_DIR)/Pods-DopamineKit_Example-checkManifestLockResult.txt",
			);
			runOnlyForDeploymentPostprocessing = 0;
			shellPath = /bin/sh;
			shellScript = "diff \"${PODS_PODFILE_DIR_PATH}/Podfile.lock\" \"${PODS_ROOT}/Manifest.lock\" > /dev/null\nif [ $? != 0 ] ; then\n    # print error to STDERR\n    echo \"error: The sandbox is not in sync with the Podfile.lock. Run 'pod install' or update your CocoaPods installation.\" >&2\n    exit 1\nfi\n# This output is used by Xcode 'outputs' to avoid re-running this script phase.\necho \"SUCCESS\" > \"${SCRIPT_OUTPUT_FILE_0}\"\n";
			showEnvVarsInLog = 0;
		};
		25A89DE215C2912B3AD51D8A /* [CP] Copy Pods Resources */ = {
			isa = PBXShellScriptBuildPhase;
			buildActionMask = 2147483647;
			files = (
			);
			inputPaths = (
			);
			name = "[CP] Copy Pods Resources";
			outputPaths = (
			);
			runOnlyForDeploymentPostprocessing = 0;
			shellPath = /bin/sh;
			shellScript = "\"${SRCROOT}/Pods/Target Support Files/Pods-DopamineKit_ReleaseUITests/Pods-DopamineKit_ReleaseUITests-resources.sh\"\n";
			showEnvVarsInLog = 0;
		};
		4C516D0E40F05C1EA45E3608 /* [CP] Embed Pods Frameworks */ = {
			isa = PBXShellScriptBuildPhase;
			buildActionMask = 2147483647;
			files = (
			);
			inputPaths = (
				"${SRCROOT}/Pods/Target Support Files/Pods-DopamineKit_Example/Pods-DopamineKit_Example-frameworks.sh",
				"${BUILT_PRODUCTS_DIR}/DopamineKit/DopamineKit.framework",
			);
			name = "[CP] Embed Pods Frameworks";
			outputPaths = (
				"${TARGET_BUILD_DIR}/${FRAMEWORKS_FOLDER_PATH}/DopamineKit.framework",
			);
			runOnlyForDeploymentPostprocessing = 0;
			shellPath = /bin/sh;
			shellScript = "\"${SRCROOT}/Pods/Target Support Files/Pods-DopamineKit_Example/Pods-DopamineKit_Example-frameworks.sh\"\n";
			showEnvVarsInLog = 0;
		};
		51B8DD556CE0EFD1CBB29347 /* [CP] Embed Pods Frameworks */ = {
			isa = PBXShellScriptBuildPhase;
			buildActionMask = 2147483647;
			files = (
			);
			inputPaths = (
				"${SRCROOT}/Pods/Target Support Files/Pods-DopamineKit_Example-DopamineKit_ReleaseTests/Pods-DopamineKit_Example-DopamineKit_ReleaseTests-frameworks.sh",
				"${BUILT_PRODUCTS_DIR}/DopamineKit/DopamineKit.framework",
			);
			name = "[CP] Embed Pods Frameworks";
			outputPaths = (
				"${TARGET_BUILD_DIR}/${FRAMEWORKS_FOLDER_PATH}/DopamineKit.framework",
			);
			runOnlyForDeploymentPostprocessing = 0;
			shellPath = /bin/sh;
			shellScript = "\"${SRCROOT}/Pods/Target Support Files/Pods-DopamineKit_ReleaseTests/Pods-DopamineKit_ReleaseTests-frameworks.sh\"\n";
			showEnvVarsInLog = 0;
		};
		752465254266E14A769021EA /* [CP] Embed Pods Frameworks */ = {
			isa = PBXShellScriptBuildPhase;
			buildActionMask = 2147483647;
			files = (
			);
			inputPaths = (
				"${SRCROOT}/Pods/Target Support Files/Pods-DopamineKit_Example-DopamineKit_ReleaseUITests/Pods-DopamineKit_Example-DopamineKit_ReleaseUITests-frameworks.sh",
				"${BUILT_PRODUCTS_DIR}/DopamineKit/DopamineKit.framework",
			);
			name = "[CP] Embed Pods Frameworks";
			outputPaths = (
				"${TARGET_BUILD_DIR}/${FRAMEWORKS_FOLDER_PATH}/DopamineKit.framework",
			);
			runOnlyForDeploymentPostprocessing = 0;
			shellPath = /bin/sh;
			shellScript = "\"${SRCROOT}/Pods/Target Support Files/Pods-DopamineKit_ReleaseUITests/Pods-DopamineKit_ReleaseUITests-frameworks.sh\"\n";
			showEnvVarsInLog = 0;
		};
		A2959B1AC09873EAD09FA878 /* [CP] Copy Pods Resources */ = {
			isa = PBXShellScriptBuildPhase;
			buildActionMask = 2147483647;
			files = (
			);
			inputPaths = (
			);
			name = "[CP] Copy Pods Resources";
			outputPaths = (
			);
			runOnlyForDeploymentPostprocessing = 0;
			shellPath = /bin/sh;
			shellScript = "\"${SRCROOT}/Pods/Target Support Files/Pods-DopamineKit_Example/Pods-DopamineKit_Example-resources.sh\"\n";
			showEnvVarsInLog = 0;
		};
		B3EB1A6016AA1193D5851F4C /* [CP] Check Pods Manifest.lock */ = {
			isa = PBXShellScriptBuildPhase;
			buildActionMask = 2147483647;
			files = (
			);
			inputPaths = (
				"${PODS_PODFILE_DIR_PATH}/Podfile.lock",
				"${PODS_ROOT}/Manifest.lock",
			);
			name = "[CP] Check Pods Manifest.lock";
			outputPaths = (
				"$(DERIVED_FILE_DIR)/Pods-DopamineKit_ReleaseTests-checkManifestLockResult.txt",
			);
			runOnlyForDeploymentPostprocessing = 0;
			shellPath = /bin/sh;
			shellScript = "diff \"${PODS_PODFILE_DIR_PATH}/Podfile.lock\" \"${PODS_ROOT}/Manifest.lock\" > /dev/null\nif [ $? != 0 ] ; then\n    # print error to STDERR\n    echo \"error: The sandbox is not in sync with the Podfile.lock. Run 'pod install' or update your CocoaPods installation.\" >&2\n    exit 1\nfi\n# This output is used by Xcode 'outputs' to avoid re-running this script phase.\necho \"SUCCESS\" > \"${SCRIPT_OUTPUT_FILE_0}\"\n";
			showEnvVarsInLog = 0;
		};
		BA165D3554A6D7E6E089D5A9 /* [CP] Copy Pods Resources */ = {
			isa = PBXShellScriptBuildPhase;
			buildActionMask = 2147483647;
			files = (
			);
			inputPaths = (
			);
			name = "[CP] Copy Pods Resources";
			outputPaths = (
			);
			runOnlyForDeploymentPostprocessing = 0;
			shellPath = /bin/sh;
			shellScript = "\"${SRCROOT}/Pods/Target Support Files/Pods-DopamineKit_ReleaseTests/Pods-DopamineKit_ReleaseTests-resources.sh\"\n";
			showEnvVarsInLog = 0;
		};
		FAC1052E18B9E32C92317344 /* [CP] Check Pods Manifest.lock */ = {
			isa = PBXShellScriptBuildPhase;
			buildActionMask = 2147483647;
			files = (
			);
			inputPaths = (
				"${PODS_PODFILE_DIR_PATH}/Podfile.lock",
				"${PODS_ROOT}/Manifest.lock",
			);
			name = "[CP] Check Pods Manifest.lock";
			outputPaths = (
				"$(DERIVED_FILE_DIR)/Pods-DopamineKit_ReleaseUITests-checkManifestLockResult.txt",
			);
			runOnlyForDeploymentPostprocessing = 0;
			shellPath = /bin/sh;
			shellScript = "diff \"${PODS_PODFILE_DIR_PATH}/Podfile.lock\" \"${PODS_ROOT}/Manifest.lock\" > /dev/null\nif [ $? != 0 ] ; then\n    # print error to STDERR\n    echo \"error: The sandbox is not in sync with the Podfile.lock. Run 'pod install' or update your CocoaPods installation.\" >&2\n    exit 1\nfi\n# This output is used by Xcode 'outputs' to avoid re-running this script phase.\necho \"SUCCESS\" > \"${SCRIPT_OUTPUT_FILE_0}\"\n";
			showEnvVarsInLog = 0;
		};
/* End PBXShellScriptBuildPhase section */

/* Begin PBXSourcesBuildPhase section */
		607FACCC1AFB9204008FA782 /* Sources */ = {
			isa = PBXSourcesBuildPhase;
			buildActionMask = 2147483647;
			files = (
				607FACD81AFB9204008FA782 /* ViewController.swift in Sources */,
				8493A52A1D53051D00EA7232 /* CandyIcon.swift in Sources */,
				607FACD61AFB9204008FA782 /* AppDelegate.swift in Sources */,
			);
			runOnlyForDeploymentPostprocessing = 0;
		};
		8427E910202B7B3A00EAF363 /* Sources */ = {
			isa = PBXSourcesBuildPhase;
			buildActionMask = 2147483647;
			files = (
				8427E921202B7BAE00EAF363 /* DopamineKit_SwizzleTests.swift in Sources */,
				8427E923202B7BCB00EAF363 /* ViewController+Extensions.swift in Sources */,
				8427E937202B92F900EAF363 /* DopamineKit_APITests.swift in Sources */,
				8427E917202B7B3A00EAF363 /* DopamineKit_ReleaseTests.swift in Sources */,
			);
			runOnlyForDeploymentPostprocessing = 0;
		};
		8427E926202B7D4500EAF363 /* Sources */ = {
			isa = PBXSourcesBuildPhase;
			buildActionMask = 2147483647;
			files = (
				8427E93C202B9B0400EAF363 /* ViewController+Extensions.swift in Sources */,
				8427E92D202B7D4500EAF363 /* DopamineKit_ReleaseUITests.swift in Sources */,
			);
			runOnlyForDeploymentPostprocessing = 0;
		};
/* End PBXSourcesBuildPhase section */

/* Begin PBXTargetDependency section */
		8427E91A202B7B3A00EAF363 /* PBXTargetDependency */ = {
			isa = PBXTargetDependency;
			target = 607FACCF1AFB9204008FA782 /* DopamineKit_Example */;
			targetProxy = 8427E919202B7B3A00EAF363 /* PBXContainerItemProxy */;
		};
		8427E930202B7D4500EAF363 /* PBXTargetDependency */ = {
			isa = PBXTargetDependency;
			target = 607FACCF1AFB9204008FA782 /* DopamineKit_Example */;
			targetProxy = 8427E92F202B7D4500EAF363 /* PBXContainerItemProxy */;
		};
/* End PBXTargetDependency section */

/* Begin PBXVariantGroup section */
		607FACD91AFB9204008FA782 /* Main.storyboard */ = {
			isa = PBXVariantGroup;
			children = (
				607FACDA1AFB9204008FA782 /* Base */,
			);
			name = Main.storyboard;
			sourceTree = "<group>";
		};
		607FACDE1AFB9204008FA782 /* LaunchScreen.xib */ = {
			isa = PBXVariantGroup;
			children = (
				607FACDF1AFB9204008FA782 /* Base */,
			);
			name = LaunchScreen.xib;
			sourceTree = "<group>";
		};
/* End PBXVariantGroup section */

/* Begin XCBuildConfiguration section */
		607FACED1AFB9204008FA782 /* Debug */ = {
			isa = XCBuildConfiguration;
			buildSettings = {
				ALWAYS_EMBED_SWIFT_STANDARD_LIBRARIES = YES;
				ALWAYS_SEARCH_USER_PATHS = NO;
				CLANG_CXX_LANGUAGE_STANDARD = "gnu++0x";
				CLANG_CXX_LIBRARY = "libc++";
				CLANG_ENABLE_MODULES = YES;
				CLANG_ENABLE_OBJC_ARC = YES;
				CLANG_WARN_BLOCK_CAPTURE_AUTORELEASING = YES;
				CLANG_WARN_BOOL_CONVERSION = YES;
				CLANG_WARN_COMMA = YES;
				CLANG_WARN_CONSTANT_CONVERSION = YES;
				CLANG_WARN_DIRECT_OBJC_ISA_USAGE = YES_ERROR;
				CLANG_WARN_EMPTY_BODY = YES;
				CLANG_WARN_ENUM_CONVERSION = YES;
				CLANG_WARN_INFINITE_RECURSION = YES;
				CLANG_WARN_INT_CONVERSION = YES;
				CLANG_WARN_NON_LITERAL_NULL_CONVERSION = YES;
				CLANG_WARN_OBJC_LITERAL_CONVERSION = YES;
				CLANG_WARN_OBJC_ROOT_CLASS = YES_ERROR;
				CLANG_WARN_RANGE_LOOP_ANALYSIS = YES;
				CLANG_WARN_STRICT_PROTOTYPES = YES;
				CLANG_WARN_SUSPICIOUS_MOVE = YES;
				CLANG_WARN_UNREACHABLE_CODE = YES;
				CLANG_WARN__DUPLICATE_METHOD_MATCH = YES;
				"CODE_SIGN_IDENTITY[sdk=iphoneos*]" = "iPhone Developer";
				COPY_PHASE_STRIP = NO;
				DEBUG_INFORMATION_FORMAT = "dwarf-with-dsym";
				EMBED_ASSET_PACKS_IN_PRODUCT_BUNDLE = YES;
				ENABLE_STRICT_OBJC_MSGSEND = YES;
				ENABLE_TESTABILITY = YES;
				GCC_C_LANGUAGE_STANDARD = gnu99;
				GCC_DYNAMIC_NO_PIC = NO;
				GCC_NO_COMMON_BLOCKS = YES;
				GCC_OPTIMIZATION_LEVEL = 0;
				GCC_PREPROCESSOR_DEFINITIONS = (
					"DEBUG=1",
					"$(inherited)",
				);
				GCC_SYMBOLS_PRIVATE_EXTERN = NO;
				GCC_WARN_64_TO_32_BIT_CONVERSION = YES;
				GCC_WARN_ABOUT_RETURN_TYPE = YES_ERROR;
				GCC_WARN_UNDECLARED_SELECTOR = YES;
				GCC_WARN_UNINITIALIZED_AUTOS = YES_AGGRESSIVE;
				GCC_WARN_UNUSED_FUNCTION = YES;
				GCC_WARN_UNUSED_VARIABLE = YES;
				IPHONEOS_DEPLOYMENT_TARGET = 9.0;
				MTL_ENABLE_DEBUG_INFO = YES;
				ONLY_ACTIVE_ARCH = YES;
				OTHER_SWIFT_FLAGS = "";
				SDKROOT = iphoneos;
				SWIFT_OPTIMIZATION_LEVEL = "-Onone";
				SWIFT_VERSION = 4.0;
			};
			name = Debug;
		};
		607FACEE1AFB9204008FA782 /* Release */ = {
			isa = XCBuildConfiguration;
			buildSettings = {
				ALWAYS_EMBED_SWIFT_STANDARD_LIBRARIES = YES;
				ALWAYS_SEARCH_USER_PATHS = NO;
				CLANG_CXX_LANGUAGE_STANDARD = "gnu++0x";
				CLANG_CXX_LIBRARY = "libc++";
				CLANG_ENABLE_MODULES = YES;
				CLANG_ENABLE_OBJC_ARC = YES;
				CLANG_WARN_BLOCK_CAPTURE_AUTORELEASING = YES;
				CLANG_WARN_BOOL_CONVERSION = YES;
				CLANG_WARN_COMMA = YES;
				CLANG_WARN_CONSTANT_CONVERSION = YES;
				CLANG_WARN_DIRECT_OBJC_ISA_USAGE = YES_ERROR;
				CLANG_WARN_EMPTY_BODY = YES;
				CLANG_WARN_ENUM_CONVERSION = YES;
				CLANG_WARN_INFINITE_RECURSION = YES;
				CLANG_WARN_INT_CONVERSION = YES;
				CLANG_WARN_NON_LITERAL_NULL_CONVERSION = YES;
				CLANG_WARN_OBJC_LITERAL_CONVERSION = YES;
				CLANG_WARN_OBJC_ROOT_CLASS = YES_ERROR;
				CLANG_WARN_RANGE_LOOP_ANALYSIS = YES;
				CLANG_WARN_STRICT_PROTOTYPES = YES;
				CLANG_WARN_SUSPICIOUS_MOVE = YES;
				CLANG_WARN_UNREACHABLE_CODE = YES;
				CLANG_WARN__DUPLICATE_METHOD_MATCH = YES;
				"CODE_SIGN_IDENTITY[sdk=iphoneos*]" = "iPhone Developer";
				COPY_PHASE_STRIP = NO;
				DEBUG_INFORMATION_FORMAT = "dwarf-with-dsym";
				EMBED_ASSET_PACKS_IN_PRODUCT_BUNDLE = YES;
				ENABLE_NS_ASSERTIONS = NO;
				ENABLE_STRICT_OBJC_MSGSEND = YES;
				GCC_C_LANGUAGE_STANDARD = gnu99;
				GCC_NO_COMMON_BLOCKS = YES;
				GCC_WARN_64_TO_32_BIT_CONVERSION = YES;
				GCC_WARN_ABOUT_RETURN_TYPE = YES_ERROR;
				GCC_WARN_UNDECLARED_SELECTOR = YES;
				GCC_WARN_UNINITIALIZED_AUTOS = YES_AGGRESSIVE;
				GCC_WARN_UNUSED_FUNCTION = YES;
				GCC_WARN_UNUSED_VARIABLE = YES;
				IPHONEOS_DEPLOYMENT_TARGET = 9.0;
				MTL_ENABLE_DEBUG_INFO = NO;
				OTHER_SWIFT_FLAGS = "";
				SDKROOT = iphoneos;
				SWIFT_OPTIMIZATION_LEVEL = "-Owholemodule";
				SWIFT_VERSION = 4.0;
				VALIDATE_PRODUCT = YES;
			};
			name = Release;
		};
		607FACF01AFB9204008FA782 /* Debug */ = {
			isa = XCBuildConfiguration;
			baseConfigurationReference = 0498B184D9048B7F96411D2D /* Pods-DopamineKit_Example.debug.xcconfig */;
			buildSettings = {
				ALWAYS_EMBED_SWIFT_STANDARD_LIBRARIES = "$(inherited)";
				ASSETCATALOG_COMPILER_APPICON_NAME = AppIcon;
				DEFINES_MODULE = YES;
				DEVELOPMENT_TEAM = 367K5HG48M;
				EMBED_ASSET_PACKS_IN_PRODUCT_BUNDLE = NO;
				INFOPLIST_FILE = DopamineKit/Info.plist;
				IPHONEOS_DEPLOYMENT_TARGET = 9.0;
				LD_RUNPATH_SEARCH_PATHS = "$(inherited) @executable_path/Frameworks";
				MODULE_NAME = ExampleApp;
				OTHER_SWIFT_FLAGS = "$(inherited)";
				PRODUCT_BUNDLE_IDENTIFIER = "org.cocoapods.demo.$(PRODUCT_NAME:rfc1034identifier)";
				PRODUCT_NAME = "$(TARGET_NAME)";
				SWIFT_VERSION = 4.0;
			};
			name = Debug;
		};
		607FACF11AFB9204008FA782 /* Release */ = {
			isa = XCBuildConfiguration;
			baseConfigurationReference = 101F6BD0552D25826A486B97 /* Pods-DopamineKit_Example.release.xcconfig */;
			buildSettings = {
				ALWAYS_EMBED_SWIFT_STANDARD_LIBRARIES = "$(inherited)";
				ASSETCATALOG_COMPILER_APPICON_NAME = AppIcon;
				DEFINES_MODULE = YES;
				DEVELOPMENT_TEAM = 367K5HG48M;
				EMBED_ASSET_PACKS_IN_PRODUCT_BUNDLE = NO;
				INFOPLIST_FILE = DopamineKit/Info.plist;
				IPHONEOS_DEPLOYMENT_TARGET = 9.0;
				LD_RUNPATH_SEARCH_PATHS = "$(inherited) @executable_path/Frameworks";
				MODULE_NAME = ExampleApp;
				OTHER_SWIFT_FLAGS = "$(inherited)";
				PRODUCT_BUNDLE_IDENTIFIER = "org.cocoapods.demo.$(PRODUCT_NAME:rfc1034identifier)";
				PRODUCT_NAME = "$(TARGET_NAME)";
				SWIFT_VERSION = 4.0;
			};
			name = Release;
		};
		8427E91B202B7B3A00EAF363 /* Debug */ = {
			isa = XCBuildConfiguration;
			baseConfigurationReference = A6E7B307417396D00561D8F0 /* Pods-DopamineKit_ReleaseTests.debug.xcconfig */;
			buildSettings = {
				BUNDLE_LOADER = "$(TEST_HOST)";
				CLANG_ANALYZER_NONNULL = YES;
				CLANG_ANALYZER_NUMBER_OBJECT_CONVERSION = YES_AGGRESSIVE;
				CLANG_CXX_LANGUAGE_STANDARD = "gnu++14";
				CLANG_WARN_DOCUMENTATION_COMMENTS = YES;
				CLANG_WARN_UNGUARDED_AVAILABILITY = YES_AGGRESSIVE;
				CODE_SIGN_IDENTITY = "iPhone Developer";
				CODE_SIGN_STYLE = Automatic;
				DEBUG_INFORMATION_FORMAT = dwarf;
				DEVELOPMENT_TEAM = A4K9NYBV99;
				GCC_C_LANGUAGE_STANDARD = gnu11;
				INFOPLIST_FILE = DopamineKit_ReleaseTests/Info.plist;
				IPHONEOS_DEPLOYMENT_TARGET = 11.2;
				LD_RUNPATH_SEARCH_PATHS = "$(inherited) @executable_path/Frameworks @loader_path/Frameworks";
				PRODUCT_BUNDLE_IDENTIFIER = "com.usedopamine.DopamineKit-ReleaseTests";
				PRODUCT_NAME = "$(TARGET_NAME)";
				SWIFT_ACTIVE_COMPILATION_CONDITIONS = DEBUG;
				SWIFT_VERSION = 4.0;
				TARGETED_DEVICE_FAMILY = "1,2";
				TEST_HOST = "$(BUILT_PRODUCTS_DIR)/DopamineKit_Example.app/DopamineKit_Example";
			};
			name = Debug;
		};
		8427E91C202B7B3A00EAF363 /* Release */ = {
			isa = XCBuildConfiguration;
			baseConfigurationReference = 151D5450E4B6264FCCEF6252 /* Pods-DopamineKit_ReleaseTests.release.xcconfig */;
			buildSettings = {
				BUNDLE_LOADER = "$(TEST_HOST)";
				CLANG_ANALYZER_NONNULL = YES;
				CLANG_ANALYZER_NUMBER_OBJECT_CONVERSION = YES_AGGRESSIVE;
				CLANG_CXX_LANGUAGE_STANDARD = "gnu++14";
				CLANG_WARN_DOCUMENTATION_COMMENTS = YES;
				CLANG_WARN_UNGUARDED_AVAILABILITY = YES_AGGRESSIVE;
				CODE_SIGN_IDENTITY = "iPhone Developer";
				CODE_SIGN_STYLE = Automatic;
				DEVELOPMENT_TEAM = A4K9NYBV99;
				GCC_C_LANGUAGE_STANDARD = gnu11;
				INFOPLIST_FILE = DopamineKit_ReleaseTests/Info.plist;
				IPHONEOS_DEPLOYMENT_TARGET = 11.2;
				LD_RUNPATH_SEARCH_PATHS = "$(inherited) @executable_path/Frameworks @loader_path/Frameworks";
				PRODUCT_BUNDLE_IDENTIFIER = "com.usedopamine.DopamineKit-ReleaseTests";
				PRODUCT_NAME = "$(TARGET_NAME)";
				SWIFT_VERSION = 4.0;
				TARGETED_DEVICE_FAMILY = "1,2";
				TEST_HOST = "$(BUILT_PRODUCTS_DIR)/DopamineKit_Example.app/DopamineKit_Example";
			};
			name = Release;
		};
		8427E932202B7D4500EAF363 /* Debug */ = {
			isa = XCBuildConfiguration;
			baseConfigurationReference = 4FF6EFB9B7461074263E4F2A /* Pods-DopamineKit_ReleaseUITests.debug.xcconfig */;
			buildSettings = {
				CLANG_ANALYZER_NONNULL = YES;
				CLANG_ANALYZER_NUMBER_OBJECT_CONVERSION = YES_AGGRESSIVE;
				CLANG_CXX_LANGUAGE_STANDARD = "gnu++14";
				CLANG_WARN_DOCUMENTATION_COMMENTS = YES;
				CLANG_WARN_UNGUARDED_AVAILABILITY = YES_AGGRESSIVE;
				CODE_SIGN_IDENTITY = "iPhone Developer";
				CODE_SIGN_STYLE = Automatic;
				DEBUG_INFORMATION_FORMAT = dwarf;
				DEVELOPMENT_TEAM = A4K9NYBV99;
				GCC_C_LANGUAGE_STANDARD = gnu11;
				INFOPLIST_FILE = DopamineKit_ReleaseUITests/Info.plist;
				IPHONEOS_DEPLOYMENT_TARGET = 11.2;
				LD_RUNPATH_SEARCH_PATHS = "$(inherited) @executable_path/Frameworks @loader_path/Frameworks";
				PRODUCT_BUNDLE_IDENTIFIER = "com.usedopamine.DopamineKit-ReleaseUITests";
				PRODUCT_NAME = "$(TARGET_NAME)";
				SWIFT_ACTIVE_COMPILATION_CONDITIONS = DEBUG;
				SWIFT_VERSION = 4.0;
				TARGETED_DEVICE_FAMILY = "1,2";
				TEST_TARGET_NAME = DopamineKit_Example;
			};
			name = Debug;
		};
		8427E933202B7D4500EAF363 /* Release */ = {
			isa = XCBuildConfiguration;
			baseConfigurationReference = 9AC264C9E7F53E618B436A6E /* Pods-DopamineKit_ReleaseUITests.release.xcconfig */;
			buildSettings = {
				CLANG_ANALYZER_NONNULL = YES;
				CLANG_ANALYZER_NUMBER_OBJECT_CONVERSION = YES_AGGRESSIVE;
				CLANG_CXX_LANGUAGE_STANDARD = "gnu++14";
				CLANG_WARN_DOCUMENTATION_COMMENTS = YES;
				CLANG_WARN_UNGUARDED_AVAILABILITY = YES_AGGRESSIVE;
				CODE_SIGN_IDENTITY = "iPhone Developer";
				CODE_SIGN_STYLE = Automatic;
				DEVELOPMENT_TEAM = A4K9NYBV99;
				GCC_C_LANGUAGE_STANDARD = gnu11;
				INFOPLIST_FILE = DopamineKit_ReleaseUITests/Info.plist;
				IPHONEOS_DEPLOYMENT_TARGET = 11.2;
				LD_RUNPATH_SEARCH_PATHS = "$(inherited) @executable_path/Frameworks @loader_path/Frameworks";
				PRODUCT_BUNDLE_IDENTIFIER = "com.usedopamine.DopamineKit-ReleaseUITests";
				PRODUCT_NAME = "$(TARGET_NAME)";
				SWIFT_VERSION = 4.0;
				TARGETED_DEVICE_FAMILY = "1,2";
				TEST_TARGET_NAME = DopamineKit_Example;
			};
			name = Release;
		};
/* End XCBuildConfiguration section */

/* Begin XCConfigurationList section */
		607FACCB1AFB9204008FA782 /* Build configuration list for PBXProject "DopamineKit" */ = {
			isa = XCConfigurationList;
			buildConfigurations = (
				607FACED1AFB9204008FA782 /* Debug */,
				607FACEE1AFB9204008FA782 /* Release */,
			);
			defaultConfigurationIsVisible = 0;
			defaultConfigurationName = Release;
		};
		607FACEF1AFB9204008FA782 /* Build configuration list for PBXNativeTarget "DopamineKit_Example" */ = {
			isa = XCConfigurationList;
			buildConfigurations = (
				607FACF01AFB9204008FA782 /* Debug */,
				607FACF11AFB9204008FA782 /* Release */,
			);
			defaultConfigurationIsVisible = 0;
			defaultConfigurationName = Release;
		};
		8427E91D202B7B3A00EAF363 /* Build configuration list for PBXNativeTarget "DopamineKit_ReleaseTests" */ = {
			isa = XCConfigurationList;
			buildConfigurations = (
				8427E91B202B7B3A00EAF363 /* Debug */,
				8427E91C202B7B3A00EAF363 /* Release */,
			);
			defaultConfigurationIsVisible = 0;
			defaultConfigurationName = Release;
		};
		8427E931202B7D4500EAF363 /* Build configuration list for PBXNativeTarget "DopamineKit_ReleaseUITests" */ = {
			isa = XCConfigurationList;
			buildConfigurations = (
				8427E932202B7D4500EAF363 /* Debug */,
				8427E933202B7D4500EAF363 /* Release */,
			);
			defaultConfigurationIsVisible = 0;
			defaultConfigurationName = Release;
		};
/* End XCConfigurationList section */
	};
	rootObject = 607FACC81AFB9204008FA782 /* Project object */;
}
