// !$*UTF8*$!
{
	archiveVersion = 1;
	classes = {
	};
	objectVersion = 46;
	objects = {

/* Begin PBXBuildFile section */
		607FACD61AFB9204008FA782 /* AppDelegate.swift in Sources */ = {isa = PBXBuildFile; fileRef = 607FACD51AFB9204008FA782 /* AppDelegate.swift */; };
		607FACD81AFB9204008FA782 /* ViewController.swift in Sources */ = {isa = PBXBuildFile; fileRef = 607FACD71AFB9204008FA782 /* ViewController.swift */; };
		607FACDB1AFB9204008FA782 /* Main.storyboard in Resources */ = {isa = PBXBuildFile; fileRef = 607FACD91AFB9204008FA782 /* Main.storyboard */; };
		607FACDD1AFB9204008FA782 /* Images.xcassets in Resources */ = {isa = PBXBuildFile; fileRef = 607FACDC1AFB9204008FA782 /* Images.xcassets */; };
		607FACE01AFB9204008FA782 /* LaunchScreen.xib in Resources */ = {isa = PBXBuildFile; fileRef = 607FACDE1AFB9204008FA782 /* LaunchScreen.xib */; };
		844FAF971D36EC860014A9D6 /* DopamineProperties.plist in Resources */ = {isa = PBXBuildFile; fileRef = 844FAF961D36EC860014A9D6 /* DopamineProperties.plist */; };
		8493A52A1D53051D00EA7232 /* CandyIcon.swift in Sources */ = {isa = PBXBuildFile; fileRef = 8493A5271D53051D00EA7232 /* CandyIcon.swift */; };
		8493A52B1D53051D00EA7232 /* CandyIcons.xcassets in Resources */ = {isa = PBXBuildFile; fileRef = 8493A5281D53051D00EA7232 /* CandyIcons.xcassets */; };
		84A41553202C07C300A79443 /* DopamineDemoProperties.plist in Resources */ = {isa = PBXBuildFile; fileRef = 84A4154E202C07C200A79443 /* DopamineDemoProperties.plist */; };
		84A41554202C07C300A79443 /* ViewController+Extensions.swift in Sources */ = {isa = PBXBuildFile; fileRef = 84A4154F202C07C300A79443 /* ViewController+Extensions.swift */; };
		84A41556202C07C300A79443 /* DopamineKit_APITests.swift in Sources */ = {isa = PBXBuildFile; fileRef = 84A41551202C07C300A79443 /* DopamineKit_APITests.swift */; };
		84A41557202C07C300A79443 /* DopamineKit_SwizzleTests.swift in Sources */ = {isa = PBXBuildFile; fileRef = 84A41552202C07C300A79443 /* DopamineKit_SwizzleTests.swift */; };
		84EF26901D691C1800B6C954 /* DopamineKit.framework in Frameworks */ = {isa = PBXBuildFile; fileRef = 84EF268F1D691C1800B6C954 /* DopamineKit.framework */; };
		8C8A47595F9B609629B9F7BD /* Pods_DopamineKit_Example.framework in Frameworks */ = {isa = PBXBuildFile; fileRef = 1E1C305874CB082EF4EF7A6F /* Pods_DopamineKit_Example.framework */; };
		E11DBF1ED71E75DF7E887D73 /* Pods_DopamineKit_Tests.framework in Frameworks */ = {isa = PBXBuildFile; fileRef = 0185CF969AE386DDC5A5E777 /* Pods_DopamineKit_Tests.framework */; };
/* End PBXBuildFile section */

/* Begin PBXContainerItemProxy section */
		84A41549202C079000A79443 /* PBXContainerItemProxy */ = {
			isa = PBXContainerItemProxy;
			containerPortal = 607FACC81AFB9204008FA782 /* Project object */;
			proxyType = 1;
			remoteGlobalIDString = 607FACCF1AFB9204008FA782;
			remoteInfo = DopamineKit_Example;
		};
/* End PBXContainerItemProxy section */

/* Begin PBXFileReference section */
		0185CF969AE386DDC5A5E777 /* Pods_DopamineKit_Tests.framework */ = {isa = PBXFileReference; explicitFileType = wrapper.framework; includeInIndex = 0; path = Pods_DopamineKit_Tests.framework; sourceTree = BUILT_PRODUCTS_DIR; };
		1E1C305874CB082EF4EF7A6F /* Pods_DopamineKit_Example.framework */ = {isa = PBXFileReference; explicitFileType = wrapper.framework; includeInIndex = 0; path = Pods_DopamineKit_Example.framework; sourceTree = BUILT_PRODUCTS_DIR; };
		28E640EC931EB5EA3FA5E88F /* Pods-DopamineKit_ReleaseUITests.debug.xcconfig */ = {isa = PBXFileReference; includeInIndex = 1; lastKnownFileType = text.xcconfig; name = "Pods-DopamineKit_ReleaseUITests.debug.xcconfig"; path = "Pods/Target Support Files/Pods-DopamineKit_ReleaseUITests/Pods-DopamineKit_ReleaseUITests.debug.xcconfig"; sourceTree = "<group>"; };
		5FDE8D8AAB71EE52A5643969 /* Pods-DopamineKit_Tests.release.xcconfig */ = {isa = PBXFileReference; includeInIndex = 1; lastKnownFileType = text.xcconfig; name = "Pods-DopamineKit_Tests.release.xcconfig"; path = "Pods/Target Support Files/Pods-DopamineKit_Tests/Pods-DopamineKit_Tests.release.xcconfig"; sourceTree = "<group>"; };
		607FACD01AFB9204008FA782 /* DopamineKit_Example.app */ = {isa = PBXFileReference; explicitFileType = wrapper.application; includeInIndex = 0; path = DopamineKit_Example.app; sourceTree = BUILT_PRODUCTS_DIR; };
		607FACD41AFB9204008FA782 /* Info.plist */ = {isa = PBXFileReference; lastKnownFileType = text.plist.xml; path = Info.plist; sourceTree = "<group>"; };
		607FACD51AFB9204008FA782 /* AppDelegate.swift */ = {isa = PBXFileReference; lastKnownFileType = sourcecode.swift; path = AppDelegate.swift; sourceTree = "<group>"; };
		607FACD71AFB9204008FA782 /* ViewController.swift */ = {isa = PBXFileReference; lastKnownFileType = sourcecode.swift; path = ViewController.swift; sourceTree = "<group>"; };
		607FACDA1AFB9204008FA782 /* Base */ = {isa = PBXFileReference; lastKnownFileType = file.storyboard; name = Base; path = Base.lproj/Main.storyboard; sourceTree = "<group>"; };
		607FACDC1AFB9204008FA782 /* Images.xcassets */ = {isa = PBXFileReference; lastKnownFileType = folder.assetcatalog; path = Images.xcassets; sourceTree = "<group>"; };
		607FACDF1AFB9204008FA782 /* Base */ = {isa = PBXFileReference; lastKnownFileType = file.xib; name = Base; path = Base.lproj/LaunchScreen.xib; sourceTree = "<group>"; };
		6CA3FBD2E806F6C71EFAD7D9 /* DopamineKit.podspec */ = {isa = PBXFileReference; includeInIndex = 1; lastKnownFileType = text; name = DopamineKit.podspec; path = ../DopamineKit.podspec; sourceTree = "<group>"; };
		83D85254AEE0F2D7F728BC87 /* README.md */ = {isa = PBXFileReference; includeInIndex = 1; lastKnownFileType = net.daringfireball.markdown; name = README.md; path = ../README.md; sourceTree = "<group>"; };
		841CA604202283EC00B90009 /* DopamineKit.framework */ = {isa = PBXFileReference; explicitFileType = wrapper.framework; path = DopamineKit.framework; sourceTree = BUILT_PRODUCTS_DIR; };
		841CA6082022846900B90009 /* DopamineKit.framework */ = {isa = PBXFileReference; explicitFileType = wrapper.framework; path = DopamineKit.framework; sourceTree = BUILT_PRODUCTS_DIR; };
		841CA60C2022860D00B90009 /* DopamineKit.framework */ = {isa = PBXFileReference; explicitFileType = wrapper.framework; path = DopamineKit.framework; sourceTree = BUILT_PRODUCTS_DIR; };
		841CA6112022880000B90009 /* DopamineKit.framework */ = {isa = PBXFileReference; explicitFileType = wrapper.framework; path = DopamineKit.framework; sourceTree = BUILT_PRODUCTS_DIR; };
		841CA6132022899700B90009 /* DopamineKit.bundle */ = {isa = PBXFileReference; explicitFileType = wrapper.cfbundle; path = DopamineKit.bundle; sourceTree = BUILT_PRODUCTS_DIR; };
		84419C3539503DB3427FCB07 /* Pods-DopamineKit_Tests.debug.xcconfig */ = {isa = PBXFileReference; includeInIndex = 1; lastKnownFileType = text.xcconfig; name = "Pods-DopamineKit_Tests.debug.xcconfig"; path = "Pods/Target Support Files/Pods-DopamineKit_Tests/Pods-DopamineKit_Tests.debug.xcconfig"; sourceTree = "<group>"; };
		844FAF961D36EC860014A9D6 /* DopamineProperties.plist */ = {isa = PBXFileReference; fileEncoding = 4; lastKnownFileType = text.plist.xml; path = DopamineProperties.plist; sourceTree = "<group>"; };
		8493A5271D53051D00EA7232 /* CandyIcon.swift */ = {isa = PBXFileReference; fileEncoding = 4; lastKnownFileType = sourcecode.swift; path = CandyIcon.swift; sourceTree = "<group>"; };
		8493A5281D53051D00EA7232 /* CandyIcons.xcassets */ = {isa = PBXFileReference; lastKnownFileType = folder.assetcatalog; path = CandyIcons.xcassets; sourceTree = "<group>"; };
		84A1D8DF1D380C2800CFC1AF /* LICENSE.txt */ = {isa = PBXFileReference; fileEncoding = 4; lastKnownFileType = text; name = LICENSE.txt; path = ../LICENSE.txt; sourceTree = "<group>"; };
		84A41544202C079000A79443 /* DopamineKit_Tests.xctest */ = {isa = PBXFileReference; explicitFileType = wrapper.cfbundle; includeInIndex = 0; path = DopamineKit_Tests.xctest; sourceTree = BUILT_PRODUCTS_DIR; };
		84A41548202C079000A79443 /* Info.plist */ = {isa = PBXFileReference; lastKnownFileType = text.plist.xml; path = Info.plist; sourceTree = "<group>"; };
		84A4154E202C07C200A79443 /* DopamineDemoProperties.plist */ = {isa = PBXFileReference; fileEncoding = 4; lastKnownFileType = text.plist.xml; path = DopamineDemoProperties.plist; sourceTree = "<group>"; };
		84A4154F202C07C300A79443 /* ViewController+Extensions.swift */ = {isa = PBXFileReference; fileEncoding = 4; lastKnownFileType = sourcecode.swift; path = "ViewController+Extensions.swift"; sourceTree = "<group>"; };
		84A41551202C07C300A79443 /* DopamineKit_APITests.swift */ = {isa = PBXFileReference; fileEncoding = 4; lastKnownFileType = sourcecode.swift; path = DopamineKit_APITests.swift; sourceTree = "<group>"; };
		84A41552202C07C300A79443 /* DopamineKit_SwizzleTests.swift */ = {isa = PBXFileReference; fileEncoding = 4; lastKnownFileType = sourcecode.swift; path = DopamineKit_SwizzleTests.swift; sourceTree = "<group>"; };
		84EF268F1D691C1800B6C954 /* DopamineKit.framework */ = {isa = PBXFileReference; lastKnownFileType = wrapper.framework; name = DopamineKit.framework; path = "../../../../../Library/Developer/Xcode/DerivedData/DopamineKit-bqzpbftalgimbyaujrgefxksivjl/Build/Products/Debug-iphoneos/DopamineKit/DopamineKit.framework"; sourceTree = "<group>"; };
		A727631E1C58962DDA4894BA /* Pods_DopamineKit_ReleaseTests.framework */ = {isa = PBXFileReference; explicitFileType = wrapper.framework; includeInIndex = 0; path = Pods_DopamineKit_ReleaseTests.framework; sourceTree = BUILT_PRODUCTS_DIR; };
		AD91693E676F3D5F36201974 /* Pods-DopamineKit_Example.release.xcconfig */ = {isa = PBXFileReference; includeInIndex = 1; lastKnownFileType = text.xcconfig; name = "Pods-DopamineKit_Example.release.xcconfig"; path = "Pods/Target Support Files/Pods-DopamineKit_Example/Pods-DopamineKit_Example.release.xcconfig"; sourceTree = "<group>"; };
		C3C2B22796D798870804C919 /* Pods_DopamineKit_ReleaseUITests.framework */ = {isa = PBXFileReference; explicitFileType = wrapper.framework; includeInIndex = 0; path = Pods_DopamineKit_ReleaseUITests.framework; sourceTree = BUILT_PRODUCTS_DIR; };
		D0B33ACD985BFF1564D9AE98 /* Pods-DopamineKit_Example.debug.xcconfig */ = {isa = PBXFileReference; includeInIndex = 1; lastKnownFileType = text.xcconfig; name = "Pods-DopamineKit_Example.debug.xcconfig"; path = "Pods/Target Support Files/Pods-DopamineKit_Example/Pods-DopamineKit_Example.debug.xcconfig"; sourceTree = "<group>"; };
		D239B0FC94CCAFA81CA887A1 /* Pods-DopamineKit_ReleaseUITests.release.xcconfig */ = {isa = PBXFileReference; includeInIndex = 1; lastKnownFileType = text.xcconfig; name = "Pods-DopamineKit_ReleaseUITests.release.xcconfig"; path = "Pods/Target Support Files/Pods-DopamineKit_ReleaseUITests/Pods-DopamineKit_ReleaseUITests.release.xcconfig"; sourceTree = "<group>"; };
/* End PBXFileReference section */

/* Begin PBXFrameworksBuildPhase section */
		607FACCD1AFB9204008FA782 /* Frameworks */ = {
			isa = PBXFrameworksBuildPhase;
			buildActionMask = 2147483647;
			files = (
				84EF26901D691C1800B6C954 /* DopamineKit.framework in Frameworks */,
				8C8A47595F9B609629B9F7BD /* Pods_DopamineKit_Example.framework in Frameworks */,
			);
			runOnlyForDeploymentPostprocessing = 0;
		};
		84A41541202C079000A79443 /* Frameworks */ = {
			isa = PBXFrameworksBuildPhase;
			buildActionMask = 2147483647;
			files = (
				E11DBF1ED71E75DF7E887D73 /* Pods_DopamineKit_Tests.framework in Frameworks */,
			);
			runOnlyForDeploymentPostprocessing = 0;
		};
/* End PBXFrameworksBuildPhase section */

/* Begin PBXGroup section */
		371B6FD4DE95B934A99E01DE /* Frameworks */ = {
			isa = PBXGroup;
			children = (
				841CA6132022899700B90009 /* DopamineKit.bundle */,
				841CA6112022880000B90009 /* DopamineKit.framework */,
				841CA60C2022860D00B90009 /* DopamineKit.framework */,
				841CA6082022846900B90009 /* DopamineKit.framework */,
				841CA604202283EC00B90009 /* DopamineKit.framework */,
				84EF268F1D691C1800B6C954 /* DopamineKit.framework */,
				1E1C305874CB082EF4EF7A6F /* Pods_DopamineKit_Example.framework */,
				A727631E1C58962DDA4894BA /* Pods_DopamineKit_ReleaseTests.framework */,
				C3C2B22796D798870804C919 /* Pods_DopamineKit_ReleaseUITests.framework */,
				0185CF969AE386DDC5A5E777 /* Pods_DopamineKit_Tests.framework */,
			);
			name = Frameworks;
			sourceTree = "<group>";
		};
		607FACC71AFB9204008FA782 = {
			isa = PBXGroup;
			children = (
				607FACF51AFB993E008FA782 /* Podspec Metadata */,
				607FACD21AFB9204008FA782 /* Example for DopamineKit */,
				84A41545202C079000A79443 /* DopamineKit_Tests */,
				607FACD11AFB9204008FA782 /* Products */,
				371B6FD4DE95B934A99E01DE /* Frameworks */,
				D016A1890F7A8868AAABE368 /* Pods */,
			);
			sourceTree = "<group>";
		};
		607FACD11AFB9204008FA782 /* Products */ = {
			isa = PBXGroup;
			children = (
				607FACD01AFB9204008FA782 /* DopamineKit_Example.app */,
				84A41544202C079000A79443 /* DopamineKit_Tests.xctest */,
			);
			name = Products;
			sourceTree = "<group>";
		};
		607FACD21AFB9204008FA782 /* Example for DopamineKit */ = {
			isa = PBXGroup;
			children = (
				607FACD51AFB9204008FA782 /* AppDelegate.swift */,
				607FACD71AFB9204008FA782 /* ViewController.swift */,
				8493A5251D53051D00EA7232 /* Candy */,
				8493A5281D53051D00EA7232 /* CandyIcons.xcassets */,
				607FACDC1AFB9204008FA782 /* Images.xcassets */,
				844FAF961D36EC860014A9D6 /* DopamineProperties.plist */,
				607FACD91AFB9204008FA782 /* Main.storyboard */,
				607FACDE1AFB9204008FA782 /* LaunchScreen.xib */,
				607FACD31AFB9204008FA782 /* Supporting Files */,
			);
			name = "Example for DopamineKit";
			path = DopamineKit;
			sourceTree = "<group>";
		};
		607FACD31AFB9204008FA782 /* Supporting Files */ = {
			isa = PBXGroup;
			children = (
				607FACD41AFB9204008FA782 /* Info.plist */,
			);
			name = "Supporting Files";
			sourceTree = "<group>";
		};
		607FACF51AFB993E008FA782 /* Podspec Metadata */ = {
			isa = PBXGroup;
			children = (
				6CA3FBD2E806F6C71EFAD7D9 /* DopamineKit.podspec */,
				83D85254AEE0F2D7F728BC87 /* README.md */,
				84A1D8DF1D380C2800CFC1AF /* LICENSE.txt */,
			);
			name = "Podspec Metadata";
			sourceTree = "<group>";
		};
		8493A5251D53051D00EA7232 /* Candy */ = {
			isa = PBXGroup;
			children = (
				8493A5271D53051D00EA7232 /* CandyIcon.swift */,
			);
			path = Candy;
			sourceTree = "<group>";
		};
		84A41545202C079000A79443 /* DopamineKit_Tests */ = {
			isa = PBXGroup;
			children = (
				84A4154E202C07C200A79443 /* DopamineDemoProperties.plist */,
				84A41551202C07C300A79443 /* DopamineKit_APITests.swift */,
				84A41552202C07C300A79443 /* DopamineKit_SwizzleTests.swift */,
				84A4154F202C07C300A79443 /* ViewController+Extensions.swift */,
				84A41548202C079000A79443 /* Info.plist */,
			);
			path = DopamineKit_Tests;
			sourceTree = "<group>";
		};
		D016A1890F7A8868AAABE368 /* Pods */ = {
			isa = PBXGroup;
			children = (
				D0B33ACD985BFF1564D9AE98 /* Pods-DopamineKit_Example.debug.xcconfig */,
				AD91693E676F3D5F36201974 /* Pods-DopamineKit_Example.release.xcconfig */,
				28E640EC931EB5EA3FA5E88F /* Pods-DopamineKit_ReleaseUITests.debug.xcconfig */,
				D239B0FC94CCAFA81CA887A1 /* Pods-DopamineKit_ReleaseUITests.release.xcconfig */,
				84419C3539503DB3427FCB07 /* Pods-DopamineKit_Tests.debug.xcconfig */,
				5FDE8D8AAB71EE52A5643969 /* Pods-DopamineKit_Tests.release.xcconfig */,
			);
			name = Pods;
			sourceTree = "<group>";
		};
/* End PBXGroup section */

/* Begin PBXNativeTarget section */
		607FACCF1AFB9204008FA782 /* DopamineKit_Example */ = {
			isa = PBXNativeTarget;
			buildConfigurationList = 607FACEF1AFB9204008FA782 /* Build configuration list for PBXNativeTarget "DopamineKit_Example" */;
			buildPhases = (
				6F19ED9F8A1DED3B57B1C106 /* [CP] Check Pods Manifest.lock */,
				607FACCC1AFB9204008FA782 /* Sources */,
				607FACCD1AFB9204008FA782 /* Frameworks */,
				607FACCE1AFB9204008FA782 /* Resources */,
				70280F54F7BBE388E2A4C83A /* [CP] Embed Pods Frameworks */,
				375F011C2F2AC9500BCA9BF3 /* [CP] Copy Pods Resources */,
			);
			buildRules = (
			);
			dependencies = (
			);
			name = DopamineKit_Example;
			productName = DopamineKit;
			productReference = 607FACD01AFB9204008FA782 /* DopamineKit_Example.app */;
			productType = "com.apple.product-type.application";
		};
		84A41543202C079000A79443 /* DopamineKit_Tests */ = {
			isa = PBXNativeTarget;
			buildConfigurationList = 84A4154D202C079000A79443 /* Build configuration list for PBXNativeTarget "DopamineKit_Tests" */;
			buildPhases = (
				DDAD81BCF0BEEA2293E88DCE /* [CP] Check Pods Manifest.lock */,
				84A41540202C079000A79443 /* Sources */,
				84A41541202C079000A79443 /* Frameworks */,
				84A41542202C079000A79443 /* Resources */,
				2E4427CBC797392545363243 /* [CP] Embed Pods Frameworks */,
				03AD95BD369331C9A9ACCC96 /* [CP] Copy Pods Resources */,
			);
			buildRules = (
			);
			dependencies = (
				84A4154A202C079000A79443 /* PBXTargetDependency */,
			);
			name = DopamineKit_Tests;
			productName = DopamineKit_Tests;
			productReference = 84A41544202C079000A79443 /* DopamineKit_Tests.xctest */;
			productType = "com.apple.product-type.bundle.unit-test";
		};
/* End PBXNativeTarget section */

/* Begin PBXProject section */
		607FACC81AFB9204008FA782 /* Project object */ = {
			isa = PBXProject;
			attributes = {
				LastSwiftUpdateCheck = 0920;
				LastUpgradeCheck = 0900;
				ORGANIZATIONNAME = CocoaPods;
				TargetAttributes = {
					607FACCF1AFB9204008FA782 = {
						CreatedOnToolsVersion = 6.3.1;
						DevelopmentTeam = A4K9NYBV99;
						LastSwiftMigration = 0900;
						SystemCapabilities = {
							com.apple.BackgroundModes = {
								enabled = 1;
							};
						};
					};
					84A41543202C079000A79443 = {
						CreatedOnToolsVersion = 9.2;
						DevelopmentTeam = A4K9NYBV99;
						ProvisioningStyle = Automatic;
						TestTargetID = 607FACCF1AFB9204008FA782;
					};
				};
			};
			buildConfigurationList = 607FACCB1AFB9204008FA782 /* Build configuration list for PBXProject "DopamineKit" */;
			compatibilityVersion = "Xcode 3.2";
			developmentRegion = English;
			hasScannedForEncodings = 0;
			knownRegions = (
				en,
				Base,
			);
			mainGroup = 607FACC71AFB9204008FA782;
			productRefGroup = 607FACD11AFB9204008FA782 /* Products */;
			projectDirPath = "";
			projectRoot = "";
			targets = (
				607FACCF1AFB9204008FA782 /* DopamineKit_Example */,
				84A41543202C079000A79443 /* DopamineKit_Tests */,
			);
		};
/* End PBXProject section */

/* Begin PBXResourcesBuildPhase section */
		607FACCE1AFB9204008FA782 /* Resources */ = {
			isa = PBXResourcesBuildPhase;
			buildActionMask = 2147483647;
			files = (
				844FAF971D36EC860014A9D6 /* DopamineProperties.plist in Resources */,
				607FACDB1AFB9204008FA782 /* Main.storyboard in Resources */,
				607FACE01AFB9204008FA782 /* LaunchScreen.xib in Resources */,
				607FACDD1AFB9204008FA782 /* Images.xcassets in Resources */,
				8493A52B1D53051D00EA7232 /* CandyIcons.xcassets in Resources */,
			);
			runOnlyForDeploymentPostprocessing = 0;
		};
		84A41542202C079000A79443 /* Resources */ = {
			isa = PBXResourcesBuildPhase;
			buildActionMask = 2147483647;
			files = (
				84A41553202C07C300A79443 /* DopamineDemoProperties.plist in Resources */,
			);
			runOnlyForDeploymentPostprocessing = 0;
		};
/* End PBXResourcesBuildPhase section */

/* Begin PBXShellScriptBuildPhase section */
		03AD95BD369331C9A9ACCC96 /* [CP] Copy Pods Resources */ = {
			isa = PBXShellScriptBuildPhase;
			buildActionMask = 2147483647;
			files = (
			);
			inputPaths = (
			);
			name = "[CP] Copy Pods Resources";
			outputPaths = (
			);
			runOnlyForDeploymentPostprocessing = 0;
			shellPath = /bin/sh;
			shellScript = "\"${SRCROOT}/Pods/Target Support Files/Pods-DopamineKit_Tests/Pods-DopamineKit_Tests-resources.sh\"\n";
			showEnvVarsInLog = 0;
		};
		2E4427CBC797392545363243 /* [CP] Embed Pods Frameworks */ = {
			isa = PBXShellScriptBuildPhase;
			buildActionMask = 2147483647;
			files = (
			);
			inputPaths = (
			);
			name = "[CP] Embed Pods Frameworks";
			outputPaths = (
			);
			runOnlyForDeploymentPostprocessing = 0;
			shellPath = /bin/sh;
			shellScript = "\"${SRCROOT}/Pods/Target Support Files/Pods-DopamineKit_Tests/Pods-DopamineKit_Tests-frameworks.sh\"\n";
			showEnvVarsInLog = 0;
		};
		375F011C2F2AC9500BCA9BF3 /* [CP] Copy Pods Resources */ = {
			isa = PBXShellScriptBuildPhase;
			buildActionMask = 2147483647;
			files = (
			);
			inputPaths = (
			);
			name = "[CP] Copy Pods Resources";
			outputPaths = (
			);
			runOnlyForDeploymentPostprocessing = 0;
			shellPath = /bin/sh;
			shellScript = "\"${SRCROOT}/Pods/Target Support Files/Pods-DopamineKit_Example/Pods-DopamineKit_Example-resources.sh\"\n";
			showEnvVarsInLog = 0;
		};
		6F19ED9F8A1DED3B57B1C106 /* [CP] Check Pods Manifest.lock */ = {
			isa = PBXShellScriptBuildPhase;
			buildActionMask = 2147483647;
			files = (
			);
			inputPaths = (
				"${PODS_PODFILE_DIR_PATH}/Podfile.lock",
				"${PODS_ROOT}/Manifest.lock",
			);
			name = "[CP] Check Pods Manifest.lock";
			outputPaths = (
				"$(DERIVED_FILE_DIR)/Pods-DopamineKit_Example-checkManifestLockResult.txt",
			);
			runOnlyForDeploymentPostprocessing = 0;
			shellPath = /bin/sh;
			shellScript = "diff \"${PODS_PODFILE_DIR_PATH}/Podfile.lock\" \"${PODS_ROOT}/Manifest.lock\" > /dev/null\nif [ $? != 0 ] ; then\n    # print error to STDERR\n    echo \"error: The sandbox is not in sync with the Podfile.lock. Run 'pod install' or update your CocoaPods installation.\" >&2\n    exit 1\nfi\n# This output is used by Xcode 'outputs' to avoid re-running this script phase.\necho \"SUCCESS\" > \"${SCRIPT_OUTPUT_FILE_0}\"\n";
			showEnvVarsInLog = 0;
		};
		70280F54F7BBE388E2A4C83A /* [CP] Embed Pods Frameworks */ = {
			isa = PBXShellScriptBuildPhase;
			buildActionMask = 2147483647;
			files = (
			);
			inputPaths = (
				"${SRCROOT}/Pods/Target Support Files/Pods-DopamineKit_Example/Pods-DopamineKit_Example-frameworks.sh",
				"${BUILT_PRODUCTS_DIR}/DopamineKit/DopamineKit.framework",
			);
			name = "[CP] Embed Pods Frameworks";
			outputPaths = (
				"${TARGET_BUILD_DIR}/${FRAMEWORKS_FOLDER_PATH}/DopamineKit.framework",
			);
			runOnlyForDeploymentPostprocessing = 0;
			shellPath = /bin/sh;
			shellScript = "\"${SRCROOT}/Pods/Target Support Files/Pods-DopamineKit_Example/Pods-DopamineKit_Example-frameworks.sh\"\n";
			showEnvVarsInLog = 0;
		};
		DDAD81BCF0BEEA2293E88DCE /* [CP] Check Pods Manifest.lock */ = {
			isa = PBXShellScriptBuildPhase;
			buildActionMask = 2147483647;
			files = (
			);
			inputPaths = (
				"${PODS_PODFILE_DIR_PATH}/Podfile.lock",
				"${PODS_ROOT}/Manifest.lock",
			);
			name = "[CP] Check Pods Manifest.lock";
			outputPaths = (
				"$(DERIVED_FILE_DIR)/Pods-DopamineKit_Tests-checkManifestLockResult.txt",
			);
			runOnlyForDeploymentPostprocessing = 0;
			shellPath = /bin/sh;
			shellScript = "diff \"${PODS_PODFILE_DIR_PATH}/Podfile.lock\" \"${PODS_ROOT}/Manifest.lock\" > /dev/null\nif [ $? != 0 ] ; then\n    # print error to STDERR\n    echo \"error: The sandbox is not in sync with the Podfile.lock. Run 'pod install' or update your CocoaPods installation.\" >&2\n    exit 1\nfi\n# This output is used by Xcode 'outputs' to avoid re-running this script phase.\necho \"SUCCESS\" > \"${SCRIPT_OUTPUT_FILE_0}\"\n";
			showEnvVarsInLog = 0;
		};
/* End PBXShellScriptBuildPhase section */

/* Begin PBXSourcesBuildPhase section */
		607FACCC1AFB9204008FA782 /* Sources */ = {
			isa = PBXSourcesBuildPhase;
			buildActionMask = 2147483647;
			files = (
				607FACD81AFB9204008FA782 /* ViewController.swift in Sources */,
				8493A52A1D53051D00EA7232 /* CandyIcon.swift in Sources */,
				607FACD61AFB9204008FA782 /* AppDelegate.swift in Sources */,
			);
			runOnlyForDeploymentPostprocessing = 0;
		};
		84A41540202C079000A79443 /* Sources */ = {
			isa = PBXSourcesBuildPhase;
			buildActionMask = 2147483647;
			files = (
				84A41554202C07C300A79443 /* ViewController+Extensions.swift in Sources */,
				84A41557202C07C300A79443 /* DopamineKit_SwizzleTests.swift in Sources */,
				84A41556202C07C300A79443 /* DopamineKit_APITests.swift in Sources */,
			);
			runOnlyForDeploymentPostprocessing = 0;
		};
/* End PBXSourcesBuildPhase section */

/* Begin PBXTargetDependency section */
		84A4154A202C079000A79443 /* PBXTargetDependency */ = {
			isa = PBXTargetDependency;
			target = 607FACCF1AFB9204008FA782 /* DopamineKit_Example */;
			targetProxy = 84A41549202C079000A79443 /* PBXContainerItemProxy */;
		};
/* End PBXTargetDependency section */

/* Begin PBXVariantGroup section */
		607FACD91AFB9204008FA782 /* Main.storyboard */ = {
			isa = PBXVariantGroup;
			children = (
				607FACDA1AFB9204008FA782 /* Base */,
			);
			name = Main.storyboard;
			sourceTree = "<group>";
		};
		607FACDE1AFB9204008FA782 /* LaunchScreen.xib */ = {
			isa = PBXVariantGroup;
			children = (
				607FACDF1AFB9204008FA782 /* Base */,
			);
			name = LaunchScreen.xib;
			sourceTree = "<group>";
		};
/* End PBXVariantGroup section */

/* Begin XCBuildConfiguration section */
		607FACED1AFB9204008FA782 /* Debug */ = {
			isa = XCBuildConfiguration;
			buildSettings = {
				ALWAYS_EMBED_SWIFT_STANDARD_LIBRARIES = YES;
				ALWAYS_SEARCH_USER_PATHS = NO;
				CLANG_CXX_LANGUAGE_STANDARD = "gnu++0x";
				CLANG_CXX_LIBRARY = "libc++";
				CLANG_ENABLE_MODULES = YES;
				CLANG_ENABLE_OBJC_ARC = YES;
				CLANG_WARN_BLOCK_CAPTURE_AUTORELEASING = YES;
				CLANG_WARN_BOOL_CONVERSION = YES;
				CLANG_WARN_COMMA = YES;
				CLANG_WARN_CONSTANT_CONVERSION = YES;
				CLANG_WARN_DIRECT_OBJC_ISA_USAGE = YES_ERROR;
				CLANG_WARN_EMPTY_BODY = YES;
				CLANG_WARN_ENUM_CONVERSION = YES;
				CLANG_WARN_INFINITE_RECURSION = YES;
				CLANG_WARN_INT_CONVERSION = YES;
				CLANG_WARN_NON_LITERAL_NULL_CONVERSION = YES;
				CLANG_WARN_OBJC_LITERAL_CONVERSION = YES;
				CLANG_WARN_OBJC_ROOT_CLASS = YES_ERROR;
				CLANG_WARN_RANGE_LOOP_ANALYSIS = YES;
				CLANG_WARN_STRICT_PROTOTYPES = YES;
				CLANG_WARN_SUSPICIOUS_MOVE = YES;
				CLANG_WARN_UNREACHABLE_CODE = YES;
				CLANG_WARN__DUPLICATE_METHOD_MATCH = YES;
				"CODE_SIGN_IDENTITY[sdk=iphoneos*]" = "iPhone Developer";
				COPY_PHASE_STRIP = NO;
				DEBUG_INFORMATION_FORMAT = "dwarf-with-dsym";
				EMBED_ASSET_PACKS_IN_PRODUCT_BUNDLE = YES;
				ENABLE_STRICT_OBJC_MSGSEND = YES;
				ENABLE_TESTABILITY = YES;
				GCC_C_LANGUAGE_STANDARD = gnu99;
				GCC_DYNAMIC_NO_PIC = NO;
				GCC_NO_COMMON_BLOCKS = YES;
				GCC_OPTIMIZATION_LEVEL = 0;
				GCC_PREPROCESSOR_DEFINITIONS = (
					"DEBUG=1",
					"$(inherited)",
				);
				GCC_SYMBOLS_PRIVATE_EXTERN = NO;
				GCC_WARN_64_TO_32_BIT_CONVERSION = YES;
				GCC_WARN_ABOUT_RETURN_TYPE = YES_ERROR;
				GCC_WARN_UNDECLARED_SELECTOR = YES;
				GCC_WARN_UNINITIALIZED_AUTOS = YES_AGGRESSIVE;
				GCC_WARN_UNUSED_FUNCTION = YES;
				GCC_WARN_UNUSED_VARIABLE = YES;
				IPHONEOS_DEPLOYMENT_TARGET = 9.0;
				MTL_ENABLE_DEBUG_INFO = YES;
				ONLY_ACTIVE_ARCH = YES;
				OTHER_SWIFT_FLAGS = "";
				SDKROOT = iphoneos;
				SWIFT_OPTIMIZATION_LEVEL = "-Onone";
				SWIFT_VERSION = 4.0;
			};
			name = Debug;
		};
		607FACEE1AFB9204008FA782 /* Release */ = {
			isa = XCBuildConfiguration;
			buildSettings = {
				ALWAYS_EMBED_SWIFT_STANDARD_LIBRARIES = YES;
				ALWAYS_SEARCH_USER_PATHS = NO;
				CLANG_CXX_LANGUAGE_STANDARD = "gnu++0x";
				CLANG_CXX_LIBRARY = "libc++";
				CLANG_ENABLE_MODULES = YES;
				CLANG_ENABLE_OBJC_ARC = YES;
				CLANG_WARN_BLOCK_CAPTURE_AUTORELEASING = YES;
				CLANG_WARN_BOOL_CONVERSION = YES;
				CLANG_WARN_COMMA = YES;
				CLANG_WARN_CONSTANT_CONVERSION = YES;
				CLANG_WARN_DIRECT_OBJC_ISA_USAGE = YES_ERROR;
				CLANG_WARN_EMPTY_BODY = YES;
				CLANG_WARN_ENUM_CONVERSION = YES;
				CLANG_WARN_INFINITE_RECURSION = YES;
				CLANG_WARN_INT_CONVERSION = YES;
				CLANG_WARN_NON_LITERAL_NULL_CONVERSION = YES;
				CLANG_WARN_OBJC_LITERAL_CONVERSION = YES;
				CLANG_WARN_OBJC_ROOT_CLASS = YES_ERROR;
				CLANG_WARN_RANGE_LOOP_ANALYSIS = YES;
				CLANG_WARN_STRICT_PROTOTYPES = YES;
				CLANG_WARN_SUSPICIOUS_MOVE = YES;
				CLANG_WARN_UNREACHABLE_CODE = YES;
				CLANG_WARN__DUPLICATE_METHOD_MATCH = YES;
				"CODE_SIGN_IDENTITY[sdk=iphoneos*]" = "iPhone Developer";
				COPY_PHASE_STRIP = NO;
				DEBUG_INFORMATION_FORMAT = "dwarf-with-dsym";
				EMBED_ASSET_PACKS_IN_PRODUCT_BUNDLE = YES;
				ENABLE_NS_ASSERTIONS = NO;
				ENABLE_STRICT_OBJC_MSGSEND = YES;
				GCC_C_LANGUAGE_STANDARD = gnu99;
				GCC_NO_COMMON_BLOCKS = YES;
				GCC_WARN_64_TO_32_BIT_CONVERSION = YES;
				GCC_WARN_ABOUT_RETURN_TYPE = YES_ERROR;
				GCC_WARN_UNDECLARED_SELECTOR = YES;
				GCC_WARN_UNINITIALIZED_AUTOS = YES_AGGRESSIVE;
				GCC_WARN_UNUSED_FUNCTION = YES;
				GCC_WARN_UNUSED_VARIABLE = YES;
				IPHONEOS_DEPLOYMENT_TARGET = 9.0;
				MTL_ENABLE_DEBUG_INFO = NO;
				OTHER_SWIFT_FLAGS = "";
				SDKROOT = iphoneos;
				SWIFT_OPTIMIZATION_LEVEL = "-Owholemodule";
				SWIFT_VERSION = 4.0;
				VALIDATE_PRODUCT = YES;
			};
			name = Release;
		};
		607FACF01AFB9204008FA782 /* Debug */ = {
			isa = XCBuildConfiguration;
			baseConfigurationReference = D0B33ACD985BFF1564D9AE98 /* Pods-DopamineKit_Example.debug.xcconfig */;
			buildSettings = {
				ALWAYS_EMBED_SWIFT_STANDARD_LIBRARIES = "$(inherited)";
				ASSETCATALOG_COMPILER_APPICON_NAME = AppIcon;
				DEFINES_MODULE = YES;
				DEVELOPMENT_TEAM = A4K9NYBV99;
				EMBED_ASSET_PACKS_IN_PRODUCT_BUNDLE = NO;
				INFOPLIST_FILE = DopamineKit/Info.plist;
				IPHONEOS_DEPLOYMENT_TARGET = 9.0;
				LD_RUNPATH_SEARCH_PATHS = "$(inherited) @executable_path/Frameworks";
				MODULE_NAME = ExampleApp;
				OTHER_SWIFT_FLAGS = "$(inherited)";
				PRODUCT_BUNDLE_IDENTIFIER = "org.cocoapods.demo.$(PRODUCT_NAME:rfc1034identifier)";
				PRODUCT_NAME = "$(TARGET_NAME)";
				SWIFT_VERSION = 4.0;
			};
			name = Debug;
		};
		607FACF11AFB9204008FA782 /* Release */ = {
			isa = XCBuildConfiguration;
			baseConfigurationReference = AD91693E676F3D5F36201974 /* Pods-DopamineKit_Example.release.xcconfig */;
			buildSettings = {
				ALWAYS_EMBED_SWIFT_STANDARD_LIBRARIES = "$(inherited)";
				ASSETCATALOG_COMPILER_APPICON_NAME = AppIcon;
				DEFINES_MODULE = YES;
				DEVELOPMENT_TEAM = A4K9NYBV99;
				EMBED_ASSET_PACKS_IN_PRODUCT_BUNDLE = NO;
				INFOPLIST_FILE = DopamineKit/Info.plist;
				IPHONEOS_DEPLOYMENT_TARGET = 9.0;
				LD_RUNPATH_SEARCH_PATHS = "$(inherited) @executable_path/Frameworks";
				MODULE_NAME = ExampleApp;
				OTHER_SWIFT_FLAGS = "$(inherited)";
				PRODUCT_BUNDLE_IDENTIFIER = "org.cocoapods.demo.$(PRODUCT_NAME:rfc1034identifier)";
				PRODUCT_NAME = "$(TARGET_NAME)";
				SWIFT_VERSION = 4.0;
			};
			name = Release;
		};
		84A4154B202C079000A79443 /* Debug */ = {
			isa = XCBuildConfiguration;
			baseConfigurationReference = 84419C3539503DB3427FCB07 /* Pods-DopamineKit_Tests.debug.xcconfig */;
			buildSettings = {
				BUNDLE_LOADER = "$(TEST_HOST)";
				CLANG_ANALYZER_NONNULL = YES;
				CLANG_ANALYZER_NUMBER_OBJECT_CONVERSION = YES_AGGRESSIVE;
				CLANG_CXX_LANGUAGE_STANDARD = "gnu++14";
				CLANG_WARN_DOCUMENTATION_COMMENTS = YES;
				CLANG_WARN_UNGUARDED_AVAILABILITY = YES_AGGRESSIVE;
				CODE_SIGN_IDENTITY = "iPhone Developer";
				CODE_SIGN_STYLE = Automatic;
				DEBUG_INFORMATION_FORMAT = dwarf;
				DEVELOPMENT_TEAM = A4K9NYBV99;
				GCC_C_LANGUAGE_STANDARD = gnu11;
				INFOPLIST_FILE = DopamineKit_Tests/Info.plist;
				IPHONEOS_DEPLOYMENT_TARGET = 11.2;
				LD_RUNPATH_SEARCH_PATHS = "$(inherited) @executable_path/Frameworks @loader_path/Frameworks";
				PRODUCT_BUNDLE_IDENTIFIER = "com.usedopamine.DopamineKit-Tests";
				PRODUCT_NAME = "$(TARGET_NAME)";
				SWIFT_ACTIVE_COMPILATION_CONDITIONS = DEBUG;
				SWIFT_VERSION = 4.0;
				TARGETED_DEVICE_FAMILY = "1,2";
				TEST_HOST = "$(BUILT_PRODUCTS_DIR)/DopamineKit_Example.app/DopamineKit_Example";
			};
			name = Debug;
		};
		84A4154C202C079000A79443 /* Release */ = {
			isa = XCBuildConfiguration;
			baseConfigurationReference = 5FDE8D8AAB71EE52A5643969 /* Pods-DopamineKit_Tests.release.xcconfig */;
			buildSettings = {
				BUNDLE_LOADER = "$(TEST_HOST)";
				CLANG_ANALYZER_NONNULL = YES;
				CLANG_ANALYZER_NUMBER_OBJECT_CONVERSION = YES_AGGRESSIVE;
				CLANG_CXX_LANGUAGE_STANDARD = "gnu++14";
				CLANG_WARN_DOCUMENTATION_COMMENTS = YES;
				CLANG_WARN_UNGUARDED_AVAILABILITY = YES_AGGRESSIVE;
				CODE_SIGN_IDENTITY = "iPhone Developer";
				CODE_SIGN_STYLE = Automatic;
				DEVELOPMENT_TEAM = A4K9NYBV99;
				GCC_C_LANGUAGE_STANDARD = gnu11;
				INFOPLIST_FILE = DopamineKit_Tests/Info.plist;
				IPHONEOS_DEPLOYMENT_TARGET = 11.2;
				LD_RUNPATH_SEARCH_PATHS = "$(inherited) @executable_path/Frameworks @loader_path/Frameworks";
				PRODUCT_BUNDLE_IDENTIFIER = "com.usedopamine.DopamineKit-Tests";
				PRODUCT_NAME = "$(TARGET_NAME)";
				SWIFT_VERSION = 4.0;
				TARGETED_DEVICE_FAMILY = "1,2";
				TEST_HOST = "$(BUILT_PRODUCTS_DIR)/DopamineKit_Example.app/DopamineKit_Example";
			};
			name = Release;
		};
/* End XCBuildConfiguration section */

/* Begin XCConfigurationList section */
		607FACCB1AFB9204008FA782 /* Build configuration list for PBXProject "DopamineKit" */ = {
			isa = XCConfigurationList;
			buildConfigurations = (
				607FACED1AFB9204008FA782 /* Debug */,
				607FACEE1AFB9204008FA782 /* Release */,
			);
			defaultConfigurationIsVisible = 0;
			defaultConfigurationName = Release;
		};
		607FACEF1AFB9204008FA782 /* Build configuration list for PBXNativeTarget "DopamineKit_Example" */ = {
			isa = XCConfigurationList;
			buildConfigurations = (
				607FACF01AFB9204008FA782 /* Debug */,
				607FACF11AFB9204008FA782 /* Release */,
			);
			defaultConfigurationIsVisible = 0;
			defaultConfigurationName = Release;
		};
		84A4154D202C079000A79443 /* Build configuration list for PBXNativeTarget "DopamineKit_Tests" */ = {
			isa = XCConfigurationList;
			buildConfigurations = (
				84A4154B202C079000A79443 /* Debug */,
				84A4154C202C079000A79443 /* Release */,
			);
			defaultConfigurationIsVisible = 0;
			defaultConfigurationName = Release;
		};
/* End XCConfigurationList section */
	};
	rootObject = 607FACC81AFB9204008FA782 /* Project object */;
}
